
Microsoft Visual Studio Solution File, Format Version 12.00
# Visual Studio 15
Project("{FAE04EC0-301F-11D3-BF4B-00C04F79EFBC}") = "HelloWorld", "hello-world\HelloWorld.csproj", "{B530AD51-3F9D-4D85-9B59-6A31FC379495}"
EndProject
Project("{FAE04EC0-301F-11D3-BF4B-00C04F79EFBC}") = "TwoFer", "two-fer\TwoFer.csproj", "{1434BC40-2853-429E-A4EB-CCA22EBD4857}"
EndProject
Project("{FAE04EC0-301F-11D3-BF4B-00C04F79EFBC}") = "Leap", "leap\Leap.csproj", "{0FAF032E-1AE6-4B23-8A30-EFA6DA3A22AB}"
EndProject
Project("{FAE04EC0-301F-11D3-BF4B-00C04F79EFBC}") = "Gigasecond", "gigasecond\Gigasecond.csproj", "{FECE433F-AE77-4187-B798-74C8CBBDFA87}"
EndProject
Project("{FAE04EC0-301F-11D3-BF4B-00C04F79EFBC}") = "ResistorColor", "resistor-color\ResistorColor.csproj", "{CEF38B1F-F754-47EC-A684-5FD4D70FBD1F}"
EndProject
Project("{FAE04EC0-301F-11D3-BF4B-00C04F79EFBC}") = "SpaceAge", "space-age\SpaceAge.csproj", "{3E638A6C-C20B-404F-904C-0ADB0945F606}"
EndProject
Project("{FAE04EC0-301F-11D3-BF4B-00C04F79EFBC}") = "HighScores", "high-scores\HighScores.csproj", "{9E43602C-8E86-49D4-9C65-90CEB762B216}"
EndProject
Project("{FAE04EC0-301F-11D3-BF4B-00C04F79EFBC}") = "Hamming", "hamming\Hamming.csproj", "{035A69E2-95FE-475A-AD50-625ADA1A50BE}"
EndProject
Project("{FAE04EC0-301F-11D3-BF4B-00C04F79EFBC}") = "NucleotideCount", "nucleotide-count\NucleotideCount.csproj", "{8B06890D-629E-4A9E-820D-7D3674A946DE}"
EndProject
Project("{FAE04EC0-301F-11D3-BF4B-00C04F79EFBC}") = "RobotName", "robot-name\RobotName.csproj", "{B14EE351-3DA5-44C5-AE6F-263FC771F106}"
EndProject
Project("{FAE04EC0-301F-11D3-BF4B-00C04F79EFBC}") = "Allergies", "allergies\Allergies.csproj", "{CA521934-AFEE-4328-A768-278CC40E6283}"
EndProject
Project("{FAE04EC0-301F-11D3-BF4B-00C04F79EFBC}") = "GradeSchool", "grade-school\GradeSchool.csproj", "{081215C1-742D-4DDD-B06B-2EC6800433FD}"
EndProject
Project("{FAE04EC0-301F-11D3-BF4B-00C04F79EFBC}") = "QueenAttack", "queen-attack\QueenAttack.csproj", "{BE6447A7-1DBB-41D9-A395-35EA4A639127}"
EndProject
Project("{FAE04EC0-301F-11D3-BF4B-00C04F79EFBC}") = "Sieve", "sieve\Sieve.csproj", "{62BB01D4-C6C4-4F4A-BC33-5E57754190E8}"
EndProject
Project("{FAE04EC0-301F-11D3-BF4B-00C04F79EFBC}") = "KindergartenGarden", "kindergarten-garden\KindergartenGarden.csproj", "{A7553D06-1226-4113-BC37-5103704CB1D5}"
EndProject
Project("{FAE04EC0-301F-11D3-BF4B-00C04F79EFBC}") = "ArmstrongNumbers", "armstrong-numbers\ArmstrongNumbers.csproj", "{5B1D8E75-C03E-443B-8931-835A9EC32143}"
EndProject
Project("{FAE04EC0-301F-11D3-BF4B-00C04F79EFBC}") = "RobotSimulator", "robot-simulator\RobotSimulator.csproj", "{8C7A52F9-B317-48D4-890C-A019C97374DD}"
EndProject
Project("{FAE04EC0-301F-11D3-BF4B-00C04F79EFBC}") = "Grains", "grains\Grains.csproj", "{3C4C50AF-A96E-41B3-88C5-3D5D34D692FD}"
EndProject
Project("{FAE04EC0-301F-11D3-BF4B-00C04F79EFBC}") = "Etl", "etl\Etl.csproj", "{33D99F69-91F5-4D3F-92D6-D2001E8062C4}"
EndProject
Project("{FAE04EC0-301F-11D3-BF4B-00C04F79EFBC}") = "Strain", "strain\Strain.csproj", "{BA343C3E-A599-4232-A733-2497CEAB1EE9}"
EndProject
Project("{FAE04EC0-301F-11D3-BF4B-00C04F79EFBC}") = "CollatzConjecture", "collatz-conjecture\CollatzConjecture.csproj", "{9F421F76-6B62-47FF-B183-584A9DC6D525}"
EndProject
Project("{FAE04EC0-301F-11D3-BF4B-00C04F79EFBC}") = "Raindrops", "raindrops\Raindrops.csproj", "{02681D68-A78F-40A3-B55C-8FF1B4205898}"
EndProject
Project("{FAE04EC0-301F-11D3-BF4B-00C04F79EFBC}") = "PerfectNumbers", "perfect-numbers\PerfectNumbers.csproj", "{FD450E56-73DD-448C-8980-7FE4C1074EC1}"
EndProject
Project("{FAE04EC0-301F-11D3-BF4B-00C04F79EFBC}") = "Isogram", "isogram\Isogram.csproj", "{F2A61CAE-0C63-4137-8CE4-B6409F357D2C}"
EndProject
Project("{FAE04EC0-301F-11D3-BF4B-00C04F79EFBC}") = "ProteinTranslation", "protein-translation\ProteinTranslation.csproj", "{72438963-1802-4037-A6C2-4C68566A0FF7}"
EndProject
Project("{FAE04EC0-301F-11D3-BF4B-00C04F79EFBC}") = "DndCharacter", "dnd-character\DndCharacter.csproj", "{BC4131CD-9209-40A0-AF74-336445767740}"
EndProject
Project("{FAE04EC0-301F-11D3-BF4B-00C04F79EFBC}") = "ReverseString", "reverse-string\ReverseString.csproj", "{378B1F2B-6F87-4BBD-B809-4A96754A6FB1}"
EndProject
Project("{FAE04EC0-301F-11D3-BF4B-00C04F79EFBC}") = "Accumulate", "accumulate\Accumulate.csproj", "{0DA0AB42-1699-4E9F-9666-BE7CFCE30A27}"
EndProject
Project("{FAE04EC0-301F-11D3-BF4B-00C04F79EFBC}") = "ScrabbleScore", "scrabble-score\ScrabbleScore.csproj", "{0E1D48B0-5BB8-42E8-80E4-6E672E7ECCD7}"
EndProject
Project("{FAE04EC0-301F-11D3-BF4B-00C04F79EFBC}") = "SecretHandshake", "secret-handshake\SecretHandshake.csproj", "{036E785A-966E-4794-A0F3-2246F3467587}"
EndProject
Project("{FAE04EC0-301F-11D3-BF4B-00C04F79EFBC}") = "ErrorHandling", "error-handling\ErrorHandling.csproj", "{9845C908-1F36-47F2-9FBE-B5929B4EB009}"
EndProject
Project("{FAE04EC0-301F-11D3-BF4B-00C04F79EFBC}") = "Pangram", "pangram\Pangram.csproj", "{F411AE28-7783-4183-A70F-FDE373BE22C2}"
EndProject
Project("{FAE04EC0-301F-11D3-BF4B-00C04F79EFBC}") = "Darts", "darts\Darts.csproj", "{D42AF2BC-FA8C-4D92-811C-B2D262B8244F}"
EndProject
Project("{FAE04EC0-301F-11D3-BF4B-00C04F79EFBC}") = "BeerSong", "beer-song\BeerSong.csproj", "{7E24BEE8-70A3-49A6-8BEB-12E6B169496C}"
EndProject
Project("{FAE04EC0-301F-11D3-BF4B-00C04F79EFBC}") = "Triangle", "triangle\Triangle.csproj", "{D8F98C64-2B28-48BA-AF4C-E429646AB3CF}"
EndProject
Project("{FAE04EC0-301F-11D3-BF4B-00C04F79EFBC}") = "PhoneNumber", "phone-number\PhoneNumber.csproj", "{26BA89EC-02F8-4E58-B478-052C75A5D5CF}"
EndProject
Project("{FAE04EC0-301F-11D3-BF4B-00C04F79EFBC}") = "RnaTranscription", "rna-transcription\RnaTranscription.csproj", "{60FDFCA6-1624-4416-A712-CEEEAB17E60F}"
EndProject
Project("{FAE04EC0-301F-11D3-BF4B-00C04F79EFBC}") = "BinarySearch", "binary-search\BinarySearch.csproj", "{77BE759A-086E-404E-981F-143C32E7E732}"
EndProject
Project("{FAE04EC0-301F-11D3-BF4B-00C04F79EFBC}") = "SumOfMultiples", "sum-of-multiples\SumOfMultiples.csproj", "{BAB1F245-F196-45E7-AF6A-1296209AB7C5}"
EndProject
Project("{FAE04EC0-301F-11D3-BF4B-00C04F79EFBC}") = "Proverb", "proverb\Proverb.csproj", "{EC70E616-FEBA-4C4B-B72A-D4A6E9FC586B}"
EndProject
Project("{FAE04EC0-301F-11D3-BF4B-00C04F79EFBC}") = "Series", "series\Series.csproj", "{A2FAEB97-3060-49F9-BEAF-4B90626389ED}"
EndProject
Project("{FAE04EC0-301F-11D3-BF4B-00C04F79EFBC}") = "DifferenceOfSquares", "difference-of-squares\DifferenceOfSquares.csproj", "{C76328C3-AFC3-40B8-A429-997138E4C289}"
EndProject
Project("{2150E333-8FDC-42A3-9474-1A3956D46DE8}") = "Done", "Done", "{3384AC19-21A2-4348-8161-C7A31EFE5FB7}"
EndProject
Project("{FAE04EC0-301F-11D3-BF4B-00C04F79EFBC}") = "ResistorColorDuo", "resistor-color-duo\ResistorColorDuo.csproj", "{99166792-F614-47A9-91D8-230C108EDF3C}"
EndProject
Project("{FAE04EC0-301F-11D3-BF4B-00C04F79EFBC}") = "ResistorColorTrio", "resistor-color-trio\ResistorColorTrio.csproj", "{40633414-2CB9-4433-9ACC-95E0236EE8E2}"
EndProject
Global
	GlobalSection(SolutionConfigurationPlatforms) = preSolution
		Debug|Any CPU = Debug|Any CPU
		Release|Any CPU = Release|Any CPU
	EndGlobalSection
	GlobalSection(ProjectConfigurationPlatforms) = postSolution
		{B530AD51-3F9D-4D85-9B59-6A31FC379495}.Debug|Any CPU.ActiveCfg = Debug|Any CPU
		{B530AD51-3F9D-4D85-9B59-6A31FC379495}.Debug|Any CPU.Build.0 = Debug|Any CPU
		{B530AD51-3F9D-4D85-9B59-6A31FC379495}.Release|Any CPU.ActiveCfg = Release|Any CPU
		{B530AD51-3F9D-4D85-9B59-6A31FC379495}.Release|Any CPU.Build.0 = Release|Any CPU
		{1434BC40-2853-429E-A4EB-CCA22EBD4857}.Debug|Any CPU.ActiveCfg = Debug|Any CPU
		{1434BC40-2853-429E-A4EB-CCA22EBD4857}.Debug|Any CPU.Build.0 = Debug|Any CPU
		{1434BC40-2853-429E-A4EB-CCA22EBD4857}.Release|Any CPU.ActiveCfg = Release|Any CPU
		{1434BC40-2853-429E-A4EB-CCA22EBD4857}.Release|Any CPU.Build.0 = Release|Any CPU
		{0FAF032E-1AE6-4B23-8A30-EFA6DA3A22AB}.Debug|Any CPU.ActiveCfg = Debug|Any CPU
		{0FAF032E-1AE6-4B23-8A30-EFA6DA3A22AB}.Debug|Any CPU.Build.0 = Debug|Any CPU
		{0FAF032E-1AE6-4B23-8A30-EFA6DA3A22AB}.Release|Any CPU.ActiveCfg = Release|Any CPU
		{0FAF032E-1AE6-4B23-8A30-EFA6DA3A22AB}.Release|Any CPU.Build.0 = Release|Any CPU
		{FECE433F-AE77-4187-B798-74C8CBBDFA87}.Debug|Any CPU.ActiveCfg = Debug|Any CPU
		{FECE433F-AE77-4187-B798-74C8CBBDFA87}.Debug|Any CPU.Build.0 = Debug|Any CPU
		{FECE433F-AE77-4187-B798-74C8CBBDFA87}.Release|Any CPU.ActiveCfg = Release|Any CPU
		{FECE433F-AE77-4187-B798-74C8CBBDFA87}.Release|Any CPU.Build.0 = Release|Any CPU
		{CEF38B1F-F754-47EC-A684-5FD4D70FBD1F}.Debug|Any CPU.ActiveCfg = Debug|Any CPU
		{CEF38B1F-F754-47EC-A684-5FD4D70FBD1F}.Debug|Any CPU.Build.0 = Debug|Any CPU
		{CEF38B1F-F754-47EC-A684-5FD4D70FBD1F}.Release|Any CPU.ActiveCfg = Release|Any CPU
		{CEF38B1F-F754-47EC-A684-5FD4D70FBD1F}.Release|Any CPU.Build.0 = Release|Any CPU
		{3E638A6C-C20B-404F-904C-0ADB0945F606}.Debug|Any CPU.ActiveCfg = Debug|Any CPU
		{3E638A6C-C20B-404F-904C-0ADB0945F606}.Debug|Any CPU.Build.0 = Debug|Any CPU
		{3E638A6C-C20B-404F-904C-0ADB0945F606}.Release|Any CPU.ActiveCfg = Release|Any CPU
		{3E638A6C-C20B-404F-904C-0ADB0945F606}.Release|Any CPU.Build.0 = Release|Any CPU
		{9E43602C-8E86-49D4-9C65-90CEB762B216}.Debug|Any CPU.ActiveCfg = Debug|Any CPU
		{9E43602C-8E86-49D4-9C65-90CEB762B216}.Debug|Any CPU.Build.0 = Debug|Any CPU
		{9E43602C-8E86-49D4-9C65-90CEB762B216}.Release|Any CPU.ActiveCfg = Release|Any CPU
		{9E43602C-8E86-49D4-9C65-90CEB762B216}.Release|Any CPU.Build.0 = Release|Any CPU
		{035A69E2-95FE-475A-AD50-625ADA1A50BE}.Debug|Any CPU.ActiveCfg = Debug|Any CPU
		{035A69E2-95FE-475A-AD50-625ADA1A50BE}.Debug|Any CPU.Build.0 = Debug|Any CPU
		{035A69E2-95FE-475A-AD50-625ADA1A50BE}.Release|Any CPU.ActiveCfg = Release|Any CPU
		{035A69E2-95FE-475A-AD50-625ADA1A50BE}.Release|Any CPU.Build.0 = Release|Any CPU
		{8B06890D-629E-4A9E-820D-7D3674A946DE}.Debug|Any CPU.ActiveCfg = Debug|Any CPU
		{8B06890D-629E-4A9E-820D-7D3674A946DE}.Debug|Any CPU.Build.0 = Debug|Any CPU
		{8B06890D-629E-4A9E-820D-7D3674A946DE}.Release|Any CPU.ActiveCfg = Release|Any CPU
		{8B06890D-629E-4A9E-820D-7D3674A946DE}.Release|Any CPU.Build.0 = Release|Any CPU
		{B14EE351-3DA5-44C5-AE6F-263FC771F106}.Debug|Any CPU.ActiveCfg = Debug|Any CPU
		{B14EE351-3DA5-44C5-AE6F-263FC771F106}.Debug|Any CPU.Build.0 = Debug|Any CPU
		{B14EE351-3DA5-44C5-AE6F-263FC771F106}.Release|Any CPU.ActiveCfg = Release|Any CPU
		{B14EE351-3DA5-44C5-AE6F-263FC771F106}.Release|Any CPU.Build.0 = Release|Any CPU
		{CA521934-AFEE-4328-A768-278CC40E6283}.Debug|Any CPU.ActiveCfg = Debug|Any CPU
		{CA521934-AFEE-4328-A768-278CC40E6283}.Debug|Any CPU.Build.0 = Debug|Any CPU
		{CA521934-AFEE-4328-A768-278CC40E6283}.Release|Any CPU.ActiveCfg = Release|Any CPU
		{CA521934-AFEE-4328-A768-278CC40E6283}.Release|Any CPU.Build.0 = Release|Any CPU
		{081215C1-742D-4DDD-B06B-2EC6800433FD}.Debug|Any CPU.ActiveCfg = Debug|Any CPU
		{081215C1-742D-4DDD-B06B-2EC6800433FD}.Debug|Any CPU.Build.0 = Debug|Any CPU
		{081215C1-742D-4DDD-B06B-2EC6800433FD}.Release|Any CPU.ActiveCfg = Release|Any CPU
		{081215C1-742D-4DDD-B06B-2EC6800433FD}.Release|Any CPU.Build.0 = Release|Any CPU
		{BE6447A7-1DBB-41D9-A395-35EA4A639127}.Debug|Any CPU.ActiveCfg = Debug|Any CPU
		{BE6447A7-1DBB-41D9-A395-35EA4A639127}.Debug|Any CPU.Build.0 = Debug|Any CPU
		{BE6447A7-1DBB-41D9-A395-35EA4A639127}.Release|Any CPU.ActiveCfg = Release|Any CPU
		{BE6447A7-1DBB-41D9-A395-35EA4A639127}.Release|Any CPU.Build.0 = Release|Any CPU
		{62BB01D4-C6C4-4F4A-BC33-5E57754190E8}.Debug|Any CPU.ActiveCfg = Debug|Any CPU
		{62BB01D4-C6C4-4F4A-BC33-5E57754190E8}.Debug|Any CPU.Build.0 = Debug|Any CPU
		{62BB01D4-C6C4-4F4A-BC33-5E57754190E8}.Release|Any CPU.ActiveCfg = Release|Any CPU
		{62BB01D4-C6C4-4F4A-BC33-5E57754190E8}.Release|Any CPU.Build.0 = Release|Any CPU
		{A7553D06-1226-4113-BC37-5103704CB1D5}.Debug|Any CPU.ActiveCfg = Debug|Any CPU
		{A7553D06-1226-4113-BC37-5103704CB1D5}.Debug|Any CPU.Build.0 = Debug|Any CPU
		{A7553D06-1226-4113-BC37-5103704CB1D5}.Release|Any CPU.ActiveCfg = Release|Any CPU
		{A7553D06-1226-4113-BC37-5103704CB1D5}.Release|Any CPU.Build.0 = Release|Any CPU
		{5B1D8E75-C03E-443B-8931-835A9EC32143}.Debug|Any CPU.ActiveCfg = Debug|Any CPU
		{5B1D8E75-C03E-443B-8931-835A9EC32143}.Debug|Any CPU.Build.0 = Debug|Any CPU
		{5B1D8E75-C03E-443B-8931-835A9EC32143}.Release|Any CPU.ActiveCfg = Release|Any CPU
		{5B1D8E75-C03E-443B-8931-835A9EC32143}.Release|Any CPU.Build.0 = Release|Any CPU
		{8C7A52F9-B317-48D4-890C-A019C97374DD}.Debug|Any CPU.ActiveCfg = Debug|Any CPU
		{8C7A52F9-B317-48D4-890C-A019C97374DD}.Debug|Any CPU.Build.0 = Debug|Any CPU
		{8C7A52F9-B317-48D4-890C-A019C97374DD}.Release|Any CPU.ActiveCfg = Release|Any CPU
		{8C7A52F9-B317-48D4-890C-A019C97374DD}.Release|Any CPU.Build.0 = Release|Any CPU
		{3C4C50AF-A96E-41B3-88C5-3D5D34D692FD}.Debug|Any CPU.ActiveCfg = Debug|Any CPU
		{3C4C50AF-A96E-41B3-88C5-3D5D34D692FD}.Debug|Any CPU.Build.0 = Debug|Any CPU
		{3C4C50AF-A96E-41B3-88C5-3D5D34D692FD}.Release|Any CPU.ActiveCfg = Release|Any CPU
		{3C4C50AF-A96E-41B3-88C5-3D5D34D692FD}.Release|Any CPU.Build.0 = Release|Any CPU
		{33D99F69-91F5-4D3F-92D6-D2001E8062C4}.Debug|Any CPU.ActiveCfg = Debug|Any CPU
		{33D99F69-91F5-4D3F-92D6-D2001E8062C4}.Debug|Any CPU.Build.0 = Debug|Any CPU
		{33D99F69-91F5-4D3F-92D6-D2001E8062C4}.Release|Any CPU.ActiveCfg = Release|Any CPU
		{33D99F69-91F5-4D3F-92D6-D2001E8062C4}.Release|Any CPU.Build.0 = Release|Any CPU
		{BA343C3E-A599-4232-A733-2497CEAB1EE9}.Debug|Any CPU.ActiveCfg = Debug|Any CPU
		{BA343C3E-A599-4232-A733-2497CEAB1EE9}.Debug|Any CPU.Build.0 = Debug|Any CPU
		{BA343C3E-A599-4232-A733-2497CEAB1EE9}.Release|Any CPU.ActiveCfg = Release|Any CPU
		{BA343C3E-A599-4232-A733-2497CEAB1EE9}.Release|Any CPU.Build.0 = Release|Any CPU
		{9F421F76-6B62-47FF-B183-584A9DC6D525}.Debug|Any CPU.ActiveCfg = Debug|Any CPU
		{9F421F76-6B62-47FF-B183-584A9DC6D525}.Debug|Any CPU.Build.0 = Debug|Any CPU
		{9F421F76-6B62-47FF-B183-584A9DC6D525}.Release|Any CPU.ActiveCfg = Release|Any CPU
		{9F421F76-6B62-47FF-B183-584A9DC6D525}.Release|Any CPU.Build.0 = Release|Any CPU
		{02681D68-A78F-40A3-B55C-8FF1B4205898}.Debug|Any CPU.ActiveCfg = Debug|Any CPU
		{02681D68-A78F-40A3-B55C-8FF1B4205898}.Debug|Any CPU.Build.0 = Debug|Any CPU
		{02681D68-A78F-40A3-B55C-8FF1B4205898}.Release|Any CPU.ActiveCfg = Release|Any CPU
		{02681D68-A78F-40A3-B55C-8FF1B4205898}.Release|Any CPU.Build.0 = Release|Any CPU
		{FD450E56-73DD-448C-8980-7FE4C1074EC1}.Debug|Any CPU.ActiveCfg = Debug|Any CPU
		{FD450E56-73DD-448C-8980-7FE4C1074EC1}.Debug|Any CPU.Build.0 = Debug|Any CPU
		{FD450E56-73DD-448C-8980-7FE4C1074EC1}.Release|Any CPU.ActiveCfg = Release|Any CPU
		{FD450E56-73DD-448C-8980-7FE4C1074EC1}.Release|Any CPU.Build.0 = Release|Any CPU
		{F2A61CAE-0C63-4137-8CE4-B6409F357D2C}.Debug|Any CPU.ActiveCfg = Debug|Any CPU
		{F2A61CAE-0C63-4137-8CE4-B6409F357D2C}.Debug|Any CPU.Build.0 = Debug|Any CPU
		{F2A61CAE-0C63-4137-8CE4-B6409F357D2C}.Release|Any CPU.ActiveCfg = Release|Any CPU
		{F2A61CAE-0C63-4137-8CE4-B6409F357D2C}.Release|Any CPU.Build.0 = Release|Any CPU
		{72438963-1802-4037-A6C2-4C68566A0FF7}.Debug|Any CPU.ActiveCfg = Debug|Any CPU
		{72438963-1802-4037-A6C2-4C68566A0FF7}.Debug|Any CPU.Build.0 = Debug|Any CPU
		{72438963-1802-4037-A6C2-4C68566A0FF7}.Release|Any CPU.ActiveCfg = Release|Any CPU
		{72438963-1802-4037-A6C2-4C68566A0FF7}.Release|Any CPU.Build.0 = Release|Any CPU
		{BC4131CD-9209-40A0-AF74-336445767740}.Debug|Any CPU.ActiveCfg = Debug|Any CPU
		{BC4131CD-9209-40A0-AF74-336445767740}.Debug|Any CPU.Build.0 = Debug|Any CPU
		{BC4131CD-9209-40A0-AF74-336445767740}.Release|Any CPU.ActiveCfg = Release|Any CPU
		{BC4131CD-9209-40A0-AF74-336445767740}.Release|Any CPU.Build.0 = Release|Any CPU
		{378B1F2B-6F87-4BBD-B809-4A96754A6FB1}.Debug|Any CPU.ActiveCfg = Debug|Any CPU
		{378B1F2B-6F87-4BBD-B809-4A96754A6FB1}.Debug|Any CPU.Build.0 = Debug|Any CPU
		{378B1F2B-6F87-4BBD-B809-4A96754A6FB1}.Release|Any CPU.ActiveCfg = Release|Any CPU
		{378B1F2B-6F87-4BBD-B809-4A96754A6FB1}.Release|Any CPU.Build.0 = Release|Any CPU
		{0DA0AB42-1699-4E9F-9666-BE7CFCE30A27}.Debug|Any CPU.ActiveCfg = Debug|Any CPU
		{0DA0AB42-1699-4E9F-9666-BE7CFCE30A27}.Debug|Any CPU.Build.0 = Debug|Any CPU
		{0DA0AB42-1699-4E9F-9666-BE7CFCE30A27}.Release|Any CPU.ActiveCfg = Release|Any CPU
		{0DA0AB42-1699-4E9F-9666-BE7CFCE30A27}.Release|Any CPU.Build.0 = Release|Any CPU
		{0E1D48B0-5BB8-42E8-80E4-6E672E7ECCD7}.Debug|Any CPU.ActiveCfg = Debug|Any CPU
		{0E1D48B0-5BB8-42E8-80E4-6E672E7ECCD7}.Debug|Any CPU.Build.0 = Debug|Any CPU
		{0E1D48B0-5BB8-42E8-80E4-6E672E7ECCD7}.Release|Any CPU.ActiveCfg = Release|Any CPU
		{0E1D48B0-5BB8-42E8-80E4-6E672E7ECCD7}.Release|Any CPU.Build.0 = Release|Any CPU
		{036E785A-966E-4794-A0F3-2246F3467587}.Debug|Any CPU.ActiveCfg = Debug|Any CPU
		{036E785A-966E-4794-A0F3-2246F3467587}.Debug|Any CPU.Build.0 = Debug|Any CPU
		{036E785A-966E-4794-A0F3-2246F3467587}.Release|Any CPU.ActiveCfg = Release|Any CPU
		{036E785A-966E-4794-A0F3-2246F3467587}.Release|Any CPU.Build.0 = Release|Any CPU
		{9845C908-1F36-47F2-9FBE-B5929B4EB009}.Debug|Any CPU.ActiveCfg = Debug|Any CPU
		{9845C908-1F36-47F2-9FBE-B5929B4EB009}.Debug|Any CPU.Build.0 = Debug|Any CPU
		{9845C908-1F36-47F2-9FBE-B5929B4EB009}.Release|Any CPU.ActiveCfg = Release|Any CPU
		{9845C908-1F36-47F2-9FBE-B5929B4EB009}.Release|Any CPU.Build.0 = Release|Any CPU
		{F411AE28-7783-4183-A70F-FDE373BE22C2}.Debug|Any CPU.ActiveCfg = Debug|Any CPU
		{F411AE28-7783-4183-A70F-FDE373BE22C2}.Debug|Any CPU.Build.0 = Debug|Any CPU
		{F411AE28-7783-4183-A70F-FDE373BE22C2}.Release|Any CPU.ActiveCfg = Release|Any CPU
		{F411AE28-7783-4183-A70F-FDE373BE22C2}.Release|Any CPU.Build.0 = Release|Any CPU
		{D42AF2BC-FA8C-4D92-811C-B2D262B8244F}.Debug|Any CPU.ActiveCfg = Debug|Any CPU
		{D42AF2BC-FA8C-4D92-811C-B2D262B8244F}.Debug|Any CPU.Build.0 = Debug|Any CPU
		{D42AF2BC-FA8C-4D92-811C-B2D262B8244F}.Release|Any CPU.ActiveCfg = Release|Any CPU
		{D42AF2BC-FA8C-4D92-811C-B2D262B8244F}.Release|Any CPU.Build.0 = Release|Any CPU
		{7E24BEE8-70A3-49A6-8BEB-12E6B169496C}.Debug|Any CPU.ActiveCfg = Debug|Any CPU
		{7E24BEE8-70A3-49A6-8BEB-12E6B169496C}.Debug|Any CPU.Build.0 = Debug|Any CPU
		{7E24BEE8-70A3-49A6-8BEB-12E6B169496C}.Release|Any CPU.ActiveCfg = Release|Any CPU
		{7E24BEE8-70A3-49A6-8BEB-12E6B169496C}.Release|Any CPU.Build.0 = Release|Any CPU
		{D8F98C64-2B28-48BA-AF4C-E429646AB3CF}.Debug|Any CPU.ActiveCfg = Debug|Any CPU
		{D8F98C64-2B28-48BA-AF4C-E429646AB3CF}.Debug|Any CPU.Build.0 = Debug|Any CPU
		{D8F98C64-2B28-48BA-AF4C-E429646AB3CF}.Release|Any CPU.ActiveCfg = Release|Any CPU
		{D8F98C64-2B28-48BA-AF4C-E429646AB3CF}.Release|Any CPU.Build.0 = Release|Any CPU
		{26BA89EC-02F8-4E58-B478-052C75A5D5CF}.Debug|Any CPU.ActiveCfg = Debug|Any CPU
		{26BA89EC-02F8-4E58-B478-052C75A5D5CF}.Debug|Any CPU.Build.0 = Debug|Any CPU
		{26BA89EC-02F8-4E58-B478-052C75A5D5CF}.Release|Any CPU.ActiveCfg = Release|Any CPU
		{26BA89EC-02F8-4E58-B478-052C75A5D5CF}.Release|Any CPU.Build.0 = Release|Any CPU
		{60FDFCA6-1624-4416-A712-CEEEAB17E60F}.Debug|Any CPU.ActiveCfg = Debug|Any CPU
		{60FDFCA6-1624-4416-A712-CEEEAB17E60F}.Debug|Any CPU.Build.0 = Debug|Any CPU
		{60FDFCA6-1624-4416-A712-CEEEAB17E60F}.Release|Any CPU.ActiveCfg = Release|Any CPU
		{60FDFCA6-1624-4416-A712-CEEEAB17E60F}.Release|Any CPU.Build.0 = Release|Any CPU
		{77BE759A-086E-404E-981F-143C32E7E732}.Debug|Any CPU.ActiveCfg = Debug|Any CPU
		{77BE759A-086E-404E-981F-143C32E7E732}.Debug|Any CPU.Build.0 = Debug|Any CPU
		{77BE759A-086E-404E-981F-143C32E7E732}.Release|Any CPU.ActiveCfg = Release|Any CPU
		{77BE759A-086E-404E-981F-143C32E7E732}.Release|Any CPU.Build.0 = Release|Any CPU
		{BAB1F245-F196-45E7-AF6A-1296209AB7C5}.Debug|Any CPU.ActiveCfg = Debug|Any CPU
		{BAB1F245-F196-45E7-AF6A-1296209AB7C5}.Debug|Any CPU.Build.0 = Debug|Any CPU
		{BAB1F245-F196-45E7-AF6A-1296209AB7C5}.Release|Any CPU.ActiveCfg = Release|Any CPU
		{BAB1F245-F196-45E7-AF6A-1296209AB7C5}.Release|Any CPU.Build.0 = Release|Any CPU
		{EC70E616-FEBA-4C4B-B72A-D4A6E9FC586B}.Debug|Any CPU.ActiveCfg = Debug|Any CPU
		{EC70E616-FEBA-4C4B-B72A-D4A6E9FC586B}.Debug|Any CPU.Build.0 = Debug|Any CPU
		{EC70E616-FEBA-4C4B-B72A-D4A6E9FC586B}.Release|Any CPU.ActiveCfg = Release|Any CPU
		{EC70E616-FEBA-4C4B-B72A-D4A6E9FC586B}.Release|Any CPU.Build.0 = Release|Any CPU
		{A2FAEB97-3060-49F9-BEAF-4B90626389ED}.Debug|Any CPU.ActiveCfg = Debug|Any CPU
		{A2FAEB97-3060-49F9-BEAF-4B90626389ED}.Debug|Any CPU.Build.0 = Debug|Any CPU
		{A2FAEB97-3060-49F9-BEAF-4B90626389ED}.Release|Any CPU.ActiveCfg = Release|Any CPU
		{A2FAEB97-3060-49F9-BEAF-4B90626389ED}.Release|Any CPU.Build.0 = Release|Any CPU
		{C76328C3-AFC3-40B8-A429-997138E4C289}.Debug|Any CPU.ActiveCfg = Debug|Any CPU
		{C76328C3-AFC3-40B8-A429-997138E4C289}.Debug|Any CPU.Build.0 = Debug|Any CPU
		{C76328C3-AFC3-40B8-A429-997138E4C289}.Release|Any CPU.ActiveCfg = Release|Any CPU
		{C76328C3-AFC3-40B8-A429-997138E4C289}.Release|Any CPU.Build.0 = Release|Any CPU
		{99166792-F614-47A9-91D8-230C108EDF3C}.Debug|Any CPU.ActiveCfg = Debug|Any CPU
		{99166792-F614-47A9-91D8-230C108EDF3C}.Debug|Any CPU.Build.0 = Debug|Any CPU
		{99166792-F614-47A9-91D8-230C108EDF3C}.Release|Any CPU.ActiveCfg = Release|Any CPU
		{99166792-F614-47A9-91D8-230C108EDF3C}.Release|Any CPU.Build.0 = Release|Any CPU
		{40633414-2CB9-4433-9ACC-95E0236EE8E2}.Debug|Any CPU.ActiveCfg = Debug|Any CPU
		{40633414-2CB9-4433-9ACC-95E0236EE8E2}.Debug|Any CPU.Build.0 = Debug|Any CPU
		{40633414-2CB9-4433-9ACC-95E0236EE8E2}.Release|Any CPU.ActiveCfg = Release|Any CPU
		{40633414-2CB9-4433-9ACC-95E0236EE8E2}.Release|Any CPU.Build.0 = Release|Any CPU
	EndGlobalSection
	GlobalSection(NestedProjects) = preSolution
		{CA521934-AFEE-4328-A768-278CC40E6283} = {3384AC19-21A2-4348-8161-C7A31EFE5FB7}
		{FECE433F-AE77-4187-B798-74C8CBBDFA87} = {3384AC19-21A2-4348-8161-C7A31EFE5FB7}
		{081215C1-742D-4DDD-B06B-2EC6800433FD} = {3384AC19-21A2-4348-8161-C7A31EFE5FB7}
		{035A69E2-95FE-475A-AD50-625ADA1A50BE} = {3384AC19-21A2-4348-8161-C7A31EFE5FB7}
		{B530AD51-3F9D-4D85-9B59-6A31FC379495} = {3384AC19-21A2-4348-8161-C7A31EFE5FB7}
		{9E43602C-8E86-49D4-9C65-90CEB762B216} = {3384AC19-21A2-4348-8161-C7A31EFE5FB7}
		{0FAF032E-1AE6-4B23-8A30-EFA6DA3A22AB} = {3384AC19-21A2-4348-8161-C7A31EFE5FB7}
		{8B06890D-629E-4A9E-820D-7D3674A946DE} = {3384AC19-21A2-4348-8161-C7A31EFE5FB7}
		{CEF38B1F-F754-47EC-A684-5FD4D70FBD1F} = {3384AC19-21A2-4348-8161-C7A31EFE5FB7}
		{B14EE351-3DA5-44C5-AE6F-263FC771F106} = {3384AC19-21A2-4348-8161-C7A31EFE5FB7}
		{3E638A6C-C20B-404F-904C-0ADB0945F606} = {3384AC19-21A2-4348-8161-C7A31EFE5FB7}
		{1434BC40-2853-429E-A4EB-CCA22EBD4857} = {3384AC19-21A2-4348-8161-C7A31EFE5FB7}
		{0DA0AB42-1699-4E9F-9666-BE7CFCE30A27} = {3384AC19-21A2-4348-8161-C7A31EFE5FB7}
		{26BA89EC-02F8-4E58-B478-052C75A5D5CF} = {3384AC19-21A2-4348-8161-C7A31EFE5FB7}
		{9845C908-1F36-47F2-9FBE-B5929B4EB009} = {3384AC19-21A2-4348-8161-C7A31EFE5FB7}
		{BA343C3E-A599-4232-A733-2497CEAB1EE9} = {3384AC19-21A2-4348-8161-C7A31EFE5FB7}
		{378B1F2B-6F87-4BBD-B809-4A96754A6FB1} = {3384AC19-21A2-4348-8161-C7A31EFE5FB7}
		{BAB1F245-F196-45E7-AF6A-1296209AB7C5} = {3384AC19-21A2-4348-8161-C7A31EFE5FB7}
		{A2FAEB97-3060-49F9-BEAF-4B90626389ED} = {3384AC19-21A2-4348-8161-C7A31EFE5FB7}
		{9F421F76-6B62-47FF-B183-584A9DC6D525} = {3384AC19-21A2-4348-8161-C7A31EFE5FB7}
		{5B1D8E75-C03E-443B-8931-835A9EC32143} = {3384AC19-21A2-4348-8161-C7A31EFE5FB7}
		{60FDFCA6-1624-4416-A712-CEEEAB17E60F} = {3384AC19-21A2-4348-8161-C7A31EFE5FB7}
		{C76328C3-AFC3-40B8-A429-997138E4C289} = {3384AC19-21A2-4348-8161-C7A31EFE5FB7}
		{3C4C50AF-A96E-41B3-88C5-3D5D34D692FD} = {3384AC19-21A2-4348-8161-C7A31EFE5FB7}
		{02681D68-A78F-40A3-B55C-8FF1B4205898} = {3384AC19-21A2-4348-8161-C7A31EFE5FB7}
		{72438963-1802-4037-A6C2-4C68566A0FF7} = {3384AC19-21A2-4348-8161-C7A31EFE5FB7}
		{FD450E56-73DD-448C-8980-7FE4C1074EC1} = {3384AC19-21A2-4348-8161-C7A31EFE5FB7}
		{D8F98C64-2B28-48BA-AF4C-E429646AB3CF} = {3384AC19-21A2-4348-8161-C7A31EFE5FB7}
		{7E24BEE8-70A3-49A6-8BEB-12E6B169496C} = {3384AC19-21A2-4348-8161-C7A31EFE5FB7}
		{99166792-F614-47A9-91D8-230C108EDF3C} = {3384AC19-21A2-4348-8161-C7A31EFE5FB7}
		{40633414-2CB9-4433-9ACC-95E0236EE8E2} = {3384AC19-21A2-4348-8161-C7A31EFE5FB7}
		{D42AF2BC-FA8C-4D92-811C-B2D262B8244F} = {3384AC19-21A2-4348-8161-C7A31EFE5FB7}
		{F411AE28-7783-4183-A70F-FDE373BE22C2} = {3384AC19-21A2-4348-8161-C7A31EFE5FB7}
		{0E1D48B0-5BB8-42E8-80E4-6E672E7ECCD7} = {3384AC19-21A2-4348-8161-C7A31EFE5FB7}
		{62BB01D4-C6C4-4F4A-BC33-5E57754190E8} = {3384AC19-21A2-4348-8161-C7A31EFE5FB7}
		{EC70E616-FEBA-4C4B-B72A-D4A6E9FC586B} = {3384AC19-21A2-4348-8161-C7A31EFE5FB7}
		{F2A61CAE-0C63-4137-8CE4-B6409F357D2C} = {3384AC19-21A2-4348-8161-C7A31EFE5FB7}
		{036E785A-966E-4794-A0F3-2246F3467587} = {3384AC19-21A2-4348-8161-C7A31EFE5FB7}
		{77BE759A-086E-404E-981F-143C32E7E732} = {3384AC19-21A2-4348-8161-C7A31EFE5FB7}
		{A7553D06-1226-4113-BC37-5103704CB1D5} = {3384AC19-21A2-4348-8161-C7A31EFE5FB7}
		{BC4131CD-9209-40A0-AF74-336445767740} = {3384AC19-21A2-4348-8161-C7A31EFE5FB7}
		{8C7A52F9-B317-48D4-890C-A019C97374DD} = {3384AC19-21A2-4348-8161-C7A31EFE5FB7}
		{33D99F69-91F5-4D3F-92D6-D2001E8062C4} = {3384AC19-21A2-4348-8161-C7A31EFE5FB7}
		{BE6447A7-1DBB-41D9-A395-35EA4A639127} = {3384AC19-21A2-4348-8161-C7A31EFE5FB7}
	EndGlobalSection
EndGlobal
