
Microsoft Visual Studio Solution File, Format Version 12.00
# Visual Studio 15
Project("{FAE04EC0-301F-11D3-BF4B-00C04F79EFBC}") = "Pov", "pov\Pov.csproj", "{2E5A576F-9054-495B-B3C3-F2CF02687861}"
EndProject
Project("{FAE04EC0-301F-11D3-BF4B-00C04F79EFBC}") = "Alphametics", "alphametics\Alphametics.csproj", "{A78FFFD8-9179-4F72-A9C8-A47796D457F6}"
EndProject
Project("{FAE04EC0-301F-11D3-BF4B-00C04F79EFBC}") = "React", "react\React.csproj", "{373FA944-EFD3-4A2B-8BBC-1266C15AF58C}"
EndProject
Project("{FAE04EC0-301F-11D3-BF4B-00C04F79EFBC}") = "Dominoes", "dominoes\Dominoes.csproj", "{EC4B68CF-94DA-4976-94C8-47478C683ED1}"
EndProject
Project("{FAE04EC0-301F-11D3-BF4B-00C04F79EFBC}") = "Hangman", "hangman\Hangman.csproj", "{CA9A913D-E867-4AE1-A0F6-2666B31FA22E}"
EndProject
Project("{FAE04EC0-301F-11D3-BF4B-00C04F79EFBC}") = "Zipper", "zipper\Zipper.csproj", "{D3D13A5B-65F9-4CFC-A94B-AD1D3640C28F}"
EndProject
Project("{FAE04EC0-301F-11D3-BF4B-00C04F79EFBC}") = "GoCounting", "go-counting\GoCounting.csproj", "{775350A3-678D-4A46-B1DC-F7E4D968B6BD}"
EndProject
Project("{FAE04EC0-301F-11D3-BF4B-00C04F79EFBC}") = "Forth", "forth\Forth.csproj", "{212F0A78-EC07-47D7-B3C8-9A5849FDEBDF}"
EndProject
Project("{FAE04EC0-301F-11D3-BF4B-00C04F79EFBC}") = "SgfParsing", "sgf-parsing\SgfParsing.csproj", "{F537B063-DDE6-447F-BDB6-2028E442FCB0}"
EndProject
Project("{2150E333-8FDC-42A3-9474-1A3956D46DE8}") = "Done", "Done", "{D34BEED5-452D-49B2-8801-252BF811E84F}"
EndProject
Project("{2150E333-8FDC-42A3-9474-1A3956D46DE8}") = "Solution Items", "Solution Items", "{9CE7C2C6-60D4-493E-A284-63239BC4BE44}"
	ProjectSection(SolutionItems) = preProject
		.editorconfig = .editorconfig
	EndProjectSection
EndProject
Global
	GlobalSection(SolutionConfigurationPlatforms) = preSolution
		Debug|Any CPU = Debug|Any CPU
		Release|Any CPU = Release|Any CPU
	EndGlobalSection
	GlobalSection(ProjectConfigurationPlatforms) = postSolution
		{2E5A576F-9054-495B-B3C3-F2CF02687861}.Debug|Any CPU.ActiveCfg = Debug|Any CPU
		{2E5A576F-9054-495B-B3C3-F2CF02687861}.Debug|Any CPU.Build.0 = Debug|Any CPU
		{2E5A576F-9054-495B-B3C3-F2CF02687861}.Release|Any CPU.ActiveCfg = Release|Any CPU
		{2E5A576F-9054-495B-B3C3-F2CF02687861}.Release|Any CPU.Build.0 = Release|Any CPU
		{A78FFFD8-9179-4F72-A9C8-A47796D457F6}.Debug|Any CPU.ActiveCfg = Debug|Any CPU
		{A78FFFD8-9179-4F72-A9C8-A47796D457F6}.Debug|Any CPU.Build.0 = Debug|Any CPU
		{A78FFFD8-9179-4F72-A9C8-A47796D457F6}.Release|Any CPU.ActiveCfg = Release|Any CPU
		{A78FFFD8-9179-4F72-A9C8-A47796D457F6}.Release|Any CPU.Build.0 = Release|Any CPU
		{373FA944-EFD3-4A2B-8BBC-1266C15AF58C}.Debug|Any CPU.ActiveCfg = Debug|Any CPU
		{373FA944-EFD3-4A2B-8BBC-1266C15AF58C}.Debug|Any CPU.Build.0 = Debug|Any CPU
		{373FA944-EFD3-4A2B-8BBC-1266C15AF58C}.Release|Any CPU.ActiveCfg = Release|Any CPU
		{373FA944-EFD3-4A2B-8BBC-1266C15AF58C}.Release|Any CPU.Build.0 = Release|Any CPU
		{EC4B68CF-94DA-4976-94C8-47478C683ED1}.Debug|Any CPU.ActiveCfg = Debug|Any CPU
		{EC4B68CF-94DA-4976-94C8-47478C683ED1}.Debug|Any CPU.Build.0 = Debug|Any CPU
		{EC4B68CF-94DA-4976-94C8-47478C683ED1}.Release|Any CPU.ActiveCfg = Release|Any CPU
		{EC4B68CF-94DA-4976-94C8-47478C683ED1}.Release|Any CPU.Build.0 = Release|Any CPU
		{CA9A913D-E867-4AE1-A0F6-2666B31FA22E}.Debug|Any CPU.ActiveCfg = Debug|Any CPU
		{CA9A913D-E867-4AE1-A0F6-2666B31FA22E}.Debug|Any CPU.Build.0 = Debug|Any CPU
		{CA9A913D-E867-4AE1-A0F6-2666B31FA22E}.Release|Any CPU.ActiveCfg = Release|Any CPU
		{CA9A913D-E867-4AE1-A0F6-2666B31FA22E}.Release|Any CPU.Build.0 = Release|Any CPU
		{D3D13A5B-65F9-4CFC-A94B-AD1D3640C28F}.Debug|Any CPU.ActiveCfg = Debug|Any CPU
		{D3D13A5B-65F9-4CFC-A94B-AD1D3640C28F}.Debug|Any CPU.Build.0 = Debug|Any CPU
		{D3D13A5B-65F9-4CFC-A94B-AD1D3640C28F}.Release|Any CPU.ActiveCfg = Release|Any CPU
		{D3D13A5B-65F9-4CFC-A94B-AD1D3640C28F}.Release|Any CPU.Build.0 = Release|Any CPU
		{775350A3-678D-4A46-B1DC-F7E4D968B6BD}.Debug|Any CPU.ActiveCfg = Debug|Any CPU
		{775350A3-678D-4A46-B1DC-F7E4D968B6BD}.Debug|Any CPU.Build.0 = Debug|Any CPU
		{775350A3-678D-4A46-B1DC-F7E4D968B6BD}.Release|Any CPU.ActiveCfg = Release|Any CPU
		{775350A3-678D-4A46-B1DC-F7E4D968B6BD}.Release|Any CPU.Build.0 = Release|Any CPU
		{212F0A78-EC07-47D7-B3C8-9A5849FDEBDF}.Debug|Any CPU.ActiveCfg = Debug|Any CPU
		{212F0A78-EC07-47D7-B3C8-9A5849FDEBDF}.Debug|Any CPU.Build.0 = Debug|Any CPU
		{212F0A78-EC07-47D7-B3C8-9A5849FDEBDF}.Release|Any CPU.ActiveCfg = Release|Any CPU
		{212F0A78-EC07-47D7-B3C8-9A5849FDEBDF}.Release|Any CPU.Build.0 = Release|Any CPU
		{F537B063-DDE6-447F-BDB6-2028E442FCB0}.Debug|Any CPU.ActiveCfg = Debug|Any CPU
		{F537B063-DDE6-447F-BDB6-2028E442FCB0}.Debug|Any CPU.Build.0 = Debug|Any CPU
		{F537B063-DDE6-447F-BDB6-2028E442FCB0}.Release|Any CPU.ActiveCfg = Release|Any CPU
		{F537B063-DDE6-447F-BDB6-2028E442FCB0}.Release|Any CPU.Build.0 = Release|Any CPU
	EndGlobalSection
	GlobalSection(NestedProjects) = preSolution
		{373FA944-EFD3-4A2B-8BBC-1266C15AF58C} = {D34BEED5-452D-49B2-8801-252BF811E84F}
	EndGlobalSection
EndGlobal
