
Microsoft Visual Studio Solution File, Format Version 12.00
# Visual Studio Version 16
VisualStudioVersion = 16.0.810.9
MinimumVisualStudioVersion = 10.0.40219.1
Project("{FAE04EC0-301F-11D3-BF4B-00C04F79EFBC}") = "HelloWorld", "hello-world\HelloWorld.csproj", "{920CD228-FA96-42C4-8ECB-6100950D959B}"
EndProject
Project("{FAE04EC0-301F-11D3-BF4B-00C04F79EFBC}") = "LuciansLusciousLasagna", "lucians-luscious-lasagna\LuciansLusciousLasagna.csproj", "{2542608D-131B-43C0-95A0-FF07D43818BA}"
EndProject
Project("{FAE04EC0-301F-11D3-BF4B-00C04F79EFBC}") = "AnnalynsInfiltration", "annalyns-infiltration\AnnalynsInfiltration.csproj", "{E63903E5-BC4F-4C46-AAF7-B7712D3DFFA5}"
EndProject
Project("{2150E333-8FDC-42A3-9474-1A3956D46DE8}") = "Done", "Done", "{DF5D9A73-39F5-4669-9C33-1FCBA4B3BA73}"
EndProject
Project("{FAE04EC0-301F-11D3-BF4B-00C04F79EFBC}") = "LogLevels", "log-levels\LogLevels.csproj", "{4A20B43A-80C7-479D-A46E-F52E5F301EDB}"
EndProject
Project("{FAE04EC0-301F-11D3-BF4B-00C04F79EFBC}") = "CarsAssemble", "cars-assemble\CarsAssemble.csproj", "{67ADE9F8-ADCC-46CA-BF0F-18CB75D2693E}"
EndProject
Project("{FAE04EC0-301F-11D3-BF4B-00C04F79EFBC}") = "PhoneNumberAnalysis", "phone-number-analysis\PhoneNumberAnalysis.csproj", "{C8A4C88F-9148-4FC5-B50F-9A0AB5FF51E4}"
EndProject
Project("{FAE04EC0-301F-11D3-BF4B-00C04F79EFBC}") = "Pangram", "pangram\Pangram.csproj", "{9506B4DC-E7EC-4B0B-A90D-DCAA4512C7D4}"
EndProject
Project("{FAE04EC0-301F-11D3-BF4B-00C04F79EFBC}") = "Isogram", "isogram\Isogram.csproj", "{5D0142DB-4636-493D-B6A1-4C0D55D7A40D}"
EndProject
Project("{FAE04EC0-301F-11D3-BF4B-00C04F79EFBC}") = "ReverseString", "reverse-string\ReverseString.csproj", "{050F43F8-62D0-46A5-868F-C63A5ECC5512}"
EndProject
Project("{FAE04EC0-301F-11D3-BF4B-00C04F79EFBC}") = "RotationalCipher", "rotational-cipher\RotationalCipher.csproj", "{D3FF7970-22F8-439F-ACC8-B64A8B6D4ECF}"
EndProject
Project("{FAE04EC0-301F-11D3-BF4B-00C04F79EFBC}") = "RunLengthEncoding", "run-length-encoding\RunLengthEncoding.csproj", "{0291CCB9-9137-48C6-9087-9A03EE2952D7}"
EndProject
Project("{FAE04EC0-301F-11D3-BF4B-00C04F79EFBC}") = "Bob", "bob\Bob.csproj", "{F26F65C2-A74F-4121-9073-013A81254F68}"
EndProject
Project("{FAE04EC0-301F-11D3-BF4B-00C04F79EFBC}") = "Anagram", "anagram\Anagram.csproj", "{7EFD6DD7-F2A3-46F0-91A7-554E54CF4AA8}"
EndProject
Project("{FAE04EC0-301F-11D3-BF4B-00C04F79EFBC}") = "Acronym", "acronym\Acronym.csproj", "{28D3D7E7-3F1F-4042-B688-3149F3E5A5C6}"
EndProject
Project("{FAE04EC0-301F-11D3-BF4B-00C04F79EFBC}") = "CollatzConjecture", "collatz-conjecture\CollatzConjecture.csproj", "{CF0B7DC6-3C4C-4F85-AF3E-E438834466E1}"
EndProject
Project("{FAE04EC0-301F-11D3-BF4B-00C04F79EFBC}") = "Darts", "darts\Darts.csproj", "{5531BD1D-3446-437F-ACC6-C27D5B44E493}"
EndProject
Project("{FAE04EC0-301F-11D3-BF4B-00C04F79EFBC}") = "FoodChain", "food-chain\FoodChain.csproj", "{CA30DD32-5115-4F9B-8945-BEDC633A99C9}"
EndProject
Project("{FAE04EC0-301F-11D3-BF4B-00C04F79EFBC}") = "Grep", "grep\Grep.csproj", "{B25FFEF7-AA1F-4691-8CF2-33EBDB776E4E}"
EndProject
Project("{FAE04EC0-301F-11D3-BF4B-00C04F79EFBC}") = "Hamming", "hamming\Hamming.csproj", "{F7DC867D-D5CB-49BB-A876-600BDA198F13}"
EndProject
Project("{FAE04EC0-301F-11D3-BF4B-00C04F79EFBC}") = "Leap", "leap\Leap.csproj", "{694D4ADC-DB79-4BA7-B139-0F1BB18B36DF}"
EndProject
Project("{FAE04EC0-301F-11D3-BF4B-00C04F79EFBC}") = "Markdown", "markdown\Markdown.csproj", "{790F3DCF-9ABA-4CF4-86AC-07B82CAD93CF}"
EndProject
Project("{FAE04EC0-301F-11D3-BF4B-00C04F79EFBC}") = "Raindrops", "raindrops\Raindrops.csproj", "{754B0178-9287-4049-B4D5-DB0F9F6C62A2}"
EndProject
Project("{FAE04EC0-301F-11D3-BF4B-00C04F79EFBC}") = "Say", "say\Say.csproj", "{39CDC8FE-5EFA-4B89-8016-B82EFE2D5A2B}"
EndProject
Project("{FAE04EC0-301F-11D3-BF4B-00C04F79EFBC}") = "Triangle", "triangle\Triangle.csproj", "{9C8C8F80-6890-4306-9536-E0439659622F}"
EndProject
Project("{FAE04EC0-301F-11D3-BF4B-00C04F79EFBC}") = "Dominoes", "dominoes\Dominoes.csproj", "{8A45F983-E000-43DB-9E04-8CF82464453E}"
EndProject
Project("{FAE04EC0-301F-11D3-BF4B-00C04F79EFBC}") = "GoCounting", "go-counting\GoCounting.csproj", "{C7552108-DD2C-48F1-87B9-08EEF6A1B3AC}"
EndProject
Project("{FAE04EC0-301F-11D3-BF4B-00C04F79EFBC}") = "PalindromeProducts", "palindrome-products\PalindromeProducts.csproj", "{BB824106-B909-4755-AE7D-D450933620FC}"
EndProject
Project("{FAE04EC0-301F-11D3-BF4B-00C04F79EFBC}") = "PythagoreanTriplet", "pythagorean-triplet\PythagoreanTriplet.csproj", "{1EF58BFE-8DD0-4A75-B9EE-60E979BE0ACF}"
EndProject
Project("{FAE04EC0-301F-11D3-BF4B-00C04F79EFBC}") = "SaddlePoints", "saddle-points\SaddlePoints.csproj", "{0A72F21B-EDF7-4FD4-96C8-941542C6C0BE}"
EndProject
Project("{FAE04EC0-301F-11D3-BF4B-00C04F79EFBC}") = "WordSearch", "word-search\WordSearch.csproj", "{9CB72C8B-F692-4AF3-9B79-B072D5AA2DB7}"
EndProject
Project("{FAE04EC0-301F-11D3-BF4B-00C04F79EFBC}") = "Clock", "clock\Clock.csproj", "{A84BDE30-8D41-4D07-B3F3-83A2E950C77C}"
EndProject
Project("{FAE04EC0-301F-11D3-BF4B-00C04F79EFBC}") = "DifferenceOfSquares", "difference-of-squares\DifferenceOfSquares.csproj", "{1D251597-DF55-4918-A0BC-E982DBC8E1B2}"
EndProject
Project("{FAE04EC0-301F-11D3-BF4B-00C04F79EFBC}") = "PerfectNumbers", "perfect-numbers\PerfectNumbers.csproj", "{CFA1EF8F-52D1-4ED3-BD2E-A2E852DDDFE6}"
EndProject
Project("{FAE04EC0-301F-11D3-BF4B-00C04F79EFBC}") = "RomanNumerals", "roman-numerals\RomanNumerals.csproj", "{1FCB3D84-CAF7-404F-9D86-E40767A97D9C}"
EndProject
Project("{FAE04EC0-301F-11D3-BF4B-00C04F79EFBC}") = "SpiralMatrix", "spiral-matrix\SpiralMatrix.csproj", "{267DB8D3-A955-45CA-8633-31A92E52A4CD}"
EndProject
Project("{FAE04EC0-301F-11D3-BF4B-00C04F79EFBC}") = "SumOfMultiples", "sum-of-multiples\SumOfMultiples.csproj", "{450A164A-997D-4A58-B8C2-E92A932BA515}"
EndProject
Project("{FAE04EC0-301F-11D3-BF4B-00C04F79EFBC}") = "BankAccount", "bank-account\BankAccount.csproj", "{E5C04135-3D59-4D0B-8B91-F4B61B214B2E}"
EndProject
Project("{FAE04EC0-301F-11D3-BF4B-00C04F79EFBC}") = "BookStore", "book-store\BookStore.csproj", "{7A3A78BA-6CCA-471F-BF43-5955D1960F3F}"
EndProject
Project("{FAE04EC0-301F-11D3-BF4B-00C04F79EFBC}") = "SpaceAge", "space-age\SpaceAge.csproj", "{2E2A2FBD-BF62-473E-90D3-42BDF8B74020}"
EndProject
Project("{FAE04EC0-301F-11D3-BF4B-00C04F79EFBC}") = "InterestIsInteresting", "interest-is-interesting\InterestIsInteresting.csproj", "{32530F02-3038-4B62-AF6A-D1C47C15A26A}"
EndProject
Project("{FAE04EC0-301F-11D3-BF4B-00C04F79EFBC}") = "TimFromMarketing", "tim-from-marketing\TimFromMarketing.csproj", "{D99A521F-ED40-4CDF-BBA0-1C806003EA0A}"
EndProject
Project("{FAE04EC0-301F-11D3-BF4B-00C04F79EFBC}") = "RollTheDie", "roll-the-die\RollTheDie.csproj", "{D5C9D36C-37FD-4EA7-B227-E43F8AAB0E06}"
EndProject
Project("{FAE04EC0-301F-11D3-BF4B-00C04F79EFBC}") = "ElonsToys", "elons-toys\ElonsToys.csproj", "{59304429-6170-44D3-9EAC-122CDE871BAF}"
EndProject
Global
	GlobalSection(SolutionConfigurationPlatforms) = preSolution
		Debug|Any CPU = Debug|Any CPU
		Release|Any CPU = Release|Any CPU
	EndGlobalSection
	GlobalSection(ProjectConfigurationPlatforms) = postSolution
		{920CD228-FA96-42C4-8ECB-6100950D959B}.Debug|Any CPU.ActiveCfg = Debug|Any CPU
		{920CD228-FA96-42C4-8ECB-6100950D959B}.Debug|Any CPU.Build.0 = Debug|Any CPU
		{920CD228-FA96-42C4-8ECB-6100950D959B}.Release|Any CPU.ActiveCfg = Release|Any CPU
		{920CD228-FA96-42C4-8ECB-6100950D959B}.Release|Any CPU.Build.0 = Release|Any CPU
		{2542608D-131B-43C0-95A0-FF07D43818BA}.Debug|Any CPU.ActiveCfg = Debug|Any CPU
		{2542608D-131B-43C0-95A0-FF07D43818BA}.Debug|Any CPU.Build.0 = Debug|Any CPU
		{2542608D-131B-43C0-95A0-FF07D43818BA}.Release|Any CPU.ActiveCfg = Release|Any CPU
		{2542608D-131B-43C0-95A0-FF07D43818BA}.Release|Any CPU.Build.0 = Release|Any CPU
		{E63903E5-BC4F-4C46-AAF7-B7712D3DFFA5}.Debug|Any CPU.ActiveCfg = Debug|Any CPU
		{E63903E5-BC4F-4C46-AAF7-B7712D3DFFA5}.Debug|Any CPU.Build.0 = Debug|Any CPU
		{E63903E5-BC4F-4C46-AAF7-B7712D3DFFA5}.Release|Any CPU.ActiveCfg = Release|Any CPU
		{E63903E5-BC4F-4C46-AAF7-B7712D3DFFA5}.Release|Any CPU.Build.0 = Release|Any CPU
		{4A20B43A-80C7-479D-A46E-F52E5F301EDB}.Debug|Any CPU.ActiveCfg = Debug|Any CPU
		{4A20B43A-80C7-479D-A46E-F52E5F301EDB}.Debug|Any CPU.Build.0 = Debug|Any CPU
		{4A20B43A-80C7-479D-A46E-F52E5F301EDB}.Release|Any CPU.ActiveCfg = Release|Any CPU
		{4A20B43A-80C7-479D-A46E-F52E5F301EDB}.Release|Any CPU.Build.0 = Release|Any CPU
		{67ADE9F8-ADCC-46CA-BF0F-18CB75D2693E}.Debug|Any CPU.ActiveCfg = Debug|Any CPU
		{67ADE9F8-ADCC-46CA-BF0F-18CB75D2693E}.Debug|Any CPU.Build.0 = Debug|Any CPU
		{67ADE9F8-ADCC-46CA-BF0F-18CB75D2693E}.Release|Any CPU.ActiveCfg = Release|Any CPU
		{67ADE9F8-ADCC-46CA-BF0F-18CB75D2693E}.Release|Any CPU.Build.0 = Release|Any CPU
		{C8A4C88F-9148-4FC5-B50F-9A0AB5FF51E4}.Debug|Any CPU.ActiveCfg = Debug|Any CPU
		{C8A4C88F-9148-4FC5-B50F-9A0AB5FF51E4}.Debug|Any CPU.Build.0 = Debug|Any CPU
		{C8A4C88F-9148-4FC5-B50F-9A0AB5FF51E4}.Release|Any CPU.ActiveCfg = Release|Any CPU
		{C8A4C88F-9148-4FC5-B50F-9A0AB5FF51E4}.Release|Any CPU.Build.0 = Release|Any CPU
		{9506B4DC-E7EC-4B0B-A90D-DCAA4512C7D4}.Debug|Any CPU.ActiveCfg = Debug|Any CPU
		{9506B4DC-E7EC-4B0B-A90D-DCAA4512C7D4}.Debug|Any CPU.Build.0 = Debug|Any CPU
		{9506B4DC-E7EC-4B0B-A90D-DCAA4512C7D4}.Release|Any CPU.ActiveCfg = Release|Any CPU
		{9506B4DC-E7EC-4B0B-A90D-DCAA4512C7D4}.Release|Any CPU.Build.0 = Release|Any CPU
		{5D0142DB-4636-493D-B6A1-4C0D55D7A40D}.Debug|Any CPU.ActiveCfg = Debug|Any CPU
		{5D0142DB-4636-493D-B6A1-4C0D55D7A40D}.Debug|Any CPU.Build.0 = Debug|Any CPU
		{5D0142DB-4636-493D-B6A1-4C0D55D7A40D}.Release|Any CPU.ActiveCfg = Release|Any CPU
		{5D0142DB-4636-493D-B6A1-4C0D55D7A40D}.Release|Any CPU.Build.0 = Release|Any CPU
		{050F43F8-62D0-46A5-868F-C63A5ECC5512}.Debug|Any CPU.ActiveCfg = Debug|Any CPU
		{050F43F8-62D0-46A5-868F-C63A5ECC5512}.Debug|Any CPU.Build.0 = Debug|Any CPU
		{050F43F8-62D0-46A5-868F-C63A5ECC5512}.Release|Any CPU.ActiveCfg = Release|Any CPU
		{050F43F8-62D0-46A5-868F-C63A5ECC5512}.Release|Any CPU.Build.0 = Release|Any CPU
		{D3FF7970-22F8-439F-ACC8-B64A8B6D4ECF}.Debug|Any CPU.ActiveCfg = Debug|Any CPU
		{D3FF7970-22F8-439F-ACC8-B64A8B6D4ECF}.Debug|Any CPU.Build.0 = Debug|Any CPU
		{D3FF7970-22F8-439F-ACC8-B64A8B6D4ECF}.Release|Any CPU.ActiveCfg = Release|Any CPU
		{D3FF7970-22F8-439F-ACC8-B64A8B6D4ECF}.Release|Any CPU.Build.0 = Release|Any CPU
		{0291CCB9-9137-48C6-9087-9A03EE2952D7}.Debug|Any CPU.ActiveCfg = Debug|Any CPU
		{0291CCB9-9137-48C6-9087-9A03EE2952D7}.Debug|Any CPU.Build.0 = Debug|Any CPU
		{0291CCB9-9137-48C6-9087-9A03EE2952D7}.Release|Any CPU.ActiveCfg = Release|Any CPU
		{0291CCB9-9137-48C6-9087-9A03EE2952D7}.Release|Any CPU.Build.0 = Release|Any CPU
		{F26F65C2-A74F-4121-9073-013A81254F68}.Debug|Any CPU.ActiveCfg = Debug|Any CPU
		{F26F65C2-A74F-4121-9073-013A81254F68}.Debug|Any CPU.Build.0 = Debug|Any CPU
		{F26F65C2-A74F-4121-9073-013A81254F68}.Release|Any CPU.ActiveCfg = Release|Any CPU
		{F26F65C2-A74F-4121-9073-013A81254F68}.Release|Any CPU.Build.0 = Release|Any CPU
		{7EFD6DD7-F2A3-46F0-91A7-554E54CF4AA8}.Debug|Any CPU.ActiveCfg = Debug|Any CPU
		{7EFD6DD7-F2A3-46F0-91A7-554E54CF4AA8}.Debug|Any CPU.Build.0 = Debug|Any CPU
		{7EFD6DD7-F2A3-46F0-91A7-554E54CF4AA8}.Release|Any CPU.ActiveCfg = Release|Any CPU
		{7EFD6DD7-F2A3-46F0-91A7-554E54CF4AA8}.Release|Any CPU.Build.0 = Release|Any CPU
		{28D3D7E7-3F1F-4042-B688-3149F3E5A5C6}.Debug|Any CPU.ActiveCfg = Debug|Any CPU
		{28D3D7E7-3F1F-4042-B688-3149F3E5A5C6}.Debug|Any CPU.Build.0 = Debug|Any CPU
		{28D3D7E7-3F1F-4042-B688-3149F3E5A5C6}.Release|Any CPU.ActiveCfg = Release|Any CPU
		{28D3D7E7-3F1F-4042-B688-3149F3E5A5C6}.Release|Any CPU.Build.0 = Release|Any CPU
		{CF0B7DC6-3C4C-4F85-AF3E-E438834466E1}.Debug|Any CPU.ActiveCfg = Debug|Any CPU
		{CF0B7DC6-3C4C-4F85-AF3E-E438834466E1}.Debug|Any CPU.Build.0 = Debug|Any CPU
		{CF0B7DC6-3C4C-4F85-AF3E-E438834466E1}.Release|Any CPU.ActiveCfg = Release|Any CPU
		{CF0B7DC6-3C4C-4F85-AF3E-E438834466E1}.Release|Any CPU.Build.0 = Release|Any CPU
		{5531BD1D-3446-437F-ACC6-C27D5B44E493}.Debug|Any CPU.ActiveCfg = Debug|Any CPU
		{5531BD1D-3446-437F-ACC6-C27D5B44E493}.Debug|Any CPU.Build.0 = Debug|Any CPU
		{5531BD1D-3446-437F-ACC6-C27D5B44E493}.Release|Any CPU.ActiveCfg = Release|Any CPU
		{5531BD1D-3446-437F-ACC6-C27D5B44E493}.Release|Any CPU.Build.0 = Release|Any CPU
		{CA30DD32-5115-4F9B-8945-BEDC633A99C9}.Debug|Any CPU.ActiveCfg = Debug|Any CPU
		{CA30DD32-5115-4F9B-8945-BEDC633A99C9}.Debug|Any CPU.Build.0 = Debug|Any CPU
		{CA30DD32-5115-4F9B-8945-BEDC633A99C9}.Release|Any CPU.ActiveCfg = Release|Any CPU
		{CA30DD32-5115-4F9B-8945-BEDC633A99C9}.Release|Any CPU.Build.0 = Release|Any CPU
		{B25FFEF7-AA1F-4691-8CF2-33EBDB776E4E}.Debug|Any CPU.ActiveCfg = Debug|Any CPU
		{B25FFEF7-AA1F-4691-8CF2-33EBDB776E4E}.Debug|Any CPU.Build.0 = Debug|Any CPU
		{B25FFEF7-AA1F-4691-8CF2-33EBDB776E4E}.Release|Any CPU.ActiveCfg = Release|Any CPU
		{B25FFEF7-AA1F-4691-8CF2-33EBDB776E4E}.Release|Any CPU.Build.0 = Release|Any CPU
		{F7DC867D-D5CB-49BB-A876-600BDA198F13}.Debug|Any CPU.ActiveCfg = Debug|Any CPU
		{F7DC867D-D5CB-49BB-A876-600BDA198F13}.Debug|Any CPU.Build.0 = Debug|Any CPU
		{F7DC867D-D5CB-49BB-A876-600BDA198F13}.Release|Any CPU.ActiveCfg = Release|Any CPU
		{F7DC867D-D5CB-49BB-A876-600BDA198F13}.Release|Any CPU.Build.0 = Release|Any CPU
		{694D4ADC-DB79-4BA7-B139-0F1BB18B36DF}.Debug|Any CPU.ActiveCfg = Debug|Any CPU
		{694D4ADC-DB79-4BA7-B139-0F1BB18B36DF}.Debug|Any CPU.Build.0 = Debug|Any CPU
		{694D4ADC-DB79-4BA7-B139-0F1BB18B36DF}.Release|Any CPU.ActiveCfg = Release|Any CPU
		{694D4ADC-DB79-4BA7-B139-0F1BB18B36DF}.Release|Any CPU.Build.0 = Release|Any CPU
		{790F3DCF-9ABA-4CF4-86AC-07B82CAD93CF}.Debug|Any CPU.ActiveCfg = Debug|Any CPU
		{790F3DCF-9ABA-4CF4-86AC-07B82CAD93CF}.Debug|Any CPU.Build.0 = Debug|Any CPU
		{790F3DCF-9ABA-4CF4-86AC-07B82CAD93CF}.Release|Any CPU.ActiveCfg = Release|Any CPU
		{790F3DCF-9ABA-4CF4-86AC-07B82CAD93CF}.Release|Any CPU.Build.0 = Release|Any CPU
		{754B0178-9287-4049-B4D5-DB0F9F6C62A2}.Debug|Any CPU.ActiveCfg = Debug|Any CPU
		{754B0178-9287-4049-B4D5-DB0F9F6C62A2}.Debug|Any CPU.Build.0 = Debug|Any CPU
		{754B0178-9287-4049-B4D5-DB0F9F6C62A2}.Release|Any CPU.ActiveCfg = Release|Any CPU
		{754B0178-9287-4049-B4D5-DB0F9F6C62A2}.Release|Any CPU.Build.0 = Release|Any CPU
		{39CDC8FE-5EFA-4B89-8016-B82EFE2D5A2B}.Debug|Any CPU.ActiveCfg = Debug|Any CPU
		{39CDC8FE-5EFA-4B89-8016-B82EFE2D5A2B}.Debug|Any CPU.Build.0 = Debug|Any CPU
		{39CDC8FE-5EFA-4B89-8016-B82EFE2D5A2B}.Release|Any CPU.ActiveCfg = Release|Any CPU
		{39CDC8FE-5EFA-4B89-8016-B82EFE2D5A2B}.Release|Any CPU.Build.0 = Release|Any CPU
		{9C8C8F80-6890-4306-9536-E0439659622F}.Debug|Any CPU.ActiveCfg = Debug|Any CPU
		{9C8C8F80-6890-4306-9536-E0439659622F}.Debug|Any CPU.Build.0 = Debug|Any CPU
		{9C8C8F80-6890-4306-9536-E0439659622F}.Release|Any CPU.ActiveCfg = Release|Any CPU
		{9C8C8F80-6890-4306-9536-E0439659622F}.Release|Any CPU.Build.0 = Release|Any CPU
		{BB824106-B909-4755-AE7D-D450933620FC}.Debug|Any CPU.ActiveCfg = Debug|Any CPU
		{BB824106-B909-4755-AE7D-D450933620FC}.Debug|Any CPU.Build.0 = Debug|Any CPU
		{BB824106-B909-4755-AE7D-D450933620FC}.Release|Any CPU.ActiveCfg = Release|Any CPU
		{BB824106-B909-4755-AE7D-D450933620FC}.Release|Any CPU.Build.0 = Release|Any CPU
		{0A72F21B-EDF7-4FD4-96C8-941542C6C0BE}.Debug|Any CPU.ActiveCfg = Debug|Any CPU
		{0A72F21B-EDF7-4FD4-96C8-941542C6C0BE}.Debug|Any CPU.Build.0 = Debug|Any CPU
		{0A72F21B-EDF7-4FD4-96C8-941542C6C0BE}.Release|Any CPU.ActiveCfg = Release|Any CPU
		{0A72F21B-EDF7-4FD4-96C8-941542C6C0BE}.Release|Any CPU.Build.0 = Release|Any CPU
		{9CB72C8B-F692-4AF3-9B79-B072D5AA2DB7}.Debug|Any CPU.ActiveCfg = Debug|Any CPU
		{9CB72C8B-F692-4AF3-9B79-B072D5AA2DB7}.Debug|Any CPU.Build.0 = Debug|Any CPU
		{9CB72C8B-F692-4AF3-9B79-B072D5AA2DB7}.Release|Any CPU.ActiveCfg = Release|Any CPU
		{9CB72C8B-F692-4AF3-9B79-B072D5AA2DB7}.Release|Any CPU.Build.0 = Release|Any CPU
		{A84BDE30-8D41-4D07-B3F3-83A2E950C77C}.Debug|Any CPU.ActiveCfg = Debug|Any CPU
		{A84BDE30-8D41-4D07-B3F3-83A2E950C77C}.Debug|Any CPU.Build.0 = Debug|Any CPU
		{A84BDE30-8D41-4D07-B3F3-83A2E950C77C}.Release|Any CPU.ActiveCfg = Release|Any CPU
		{A84BDE30-8D41-4D07-B3F3-83A2E950C77C}.Release|Any CPU.Build.0 = Release|Any CPU
		{1D251597-DF55-4918-A0BC-E982DBC8E1B2}.Debug|Any CPU.ActiveCfg = Debug|Any CPU
		{1D251597-DF55-4918-A0BC-E982DBC8E1B2}.Debug|Any CPU.Build.0 = Debug|Any CPU
		{1D251597-DF55-4918-A0BC-E982DBC8E1B2}.Release|Any CPU.ActiveCfg = Release|Any CPU
		{1D251597-DF55-4918-A0BC-E982DBC8E1B2}.Release|Any CPU.Build.0 = Release|Any CPU
		{CFA1EF8F-52D1-4ED3-BD2E-A2E852DDDFE6}.Debug|Any CPU.ActiveCfg = Debug|Any CPU
		{CFA1EF8F-52D1-4ED3-BD2E-A2E852DDDFE6}.Debug|Any CPU.Build.0 = Debug|Any CPU
		{CFA1EF8F-52D1-4ED3-BD2E-A2E852DDDFE6}.Release|Any CPU.ActiveCfg = Release|Any CPU
		{CFA1EF8F-52D1-4ED3-BD2E-A2E852DDDFE6}.Release|Any CPU.Build.0 = Release|Any CPU
		{1FCB3D84-CAF7-404F-9D86-E40767A97D9C}.Debug|Any CPU.ActiveCfg = Debug|Any CPU
		{1FCB3D84-CAF7-404F-9D86-E40767A97D9C}.Debug|Any CPU.Build.0 = Debug|Any CPU
		{1FCB3D84-CAF7-404F-9D86-E40767A97D9C}.Release|Any CPU.ActiveCfg = Release|Any CPU
		{1FCB3D84-CAF7-404F-9D86-E40767A97D9C}.Release|Any CPU.Build.0 = Release|Any CPU
		{267DB8D3-A955-45CA-8633-31A92E52A4CD}.Debug|Any CPU.ActiveCfg = Debug|Any CPU
		{267DB8D3-A955-45CA-8633-31A92E52A4CD}.Debug|Any CPU.Build.0 = Debug|Any CPU
		{267DB8D3-A955-45CA-8633-31A92E52A4CD}.Release|Any CPU.ActiveCfg = Release|Any CPU
		{267DB8D3-A955-45CA-8633-31A92E52A4CD}.Release|Any CPU.Build.0 = Release|Any CPU
		{450A164A-997D-4A58-B8C2-E92A932BA515}.Debug|Any CPU.ActiveCfg = Debug|Any CPU
		{450A164A-997D-4A58-B8C2-E92A932BA515}.Debug|Any CPU.Build.0 = Debug|Any CPU
		{450A164A-997D-4A58-B8C2-E92A932BA515}.Release|Any CPU.ActiveCfg = Release|Any CPU
		{450A164A-997D-4A58-B8C2-E92A932BA515}.Release|Any CPU.Build.0 = Release|Any CPU
		{8A45F983-E000-43DB-9E04-8CF82464453E}.Debug|Any CPU.ActiveCfg = Debug|Any CPU
		{8A45F983-E000-43DB-9E04-8CF82464453E}.Debug|Any CPU.Build.0 = Debug|Any CPU
		{C7552108-DD2C-48F1-87B9-08EEF6A1B3AC}.Debug|Any CPU.ActiveCfg = Debug|Any CPU
		{C7552108-DD2C-48F1-87B9-08EEF6A1B3AC}.Debug|Any CPU.Build.0 = Debug|Any CPU
		{1EF58BFE-8DD0-4A75-B9EE-60E979BE0ACF}.Debug|Any CPU.ActiveCfg = Debug|Any CPU
		{1EF58BFE-8DD0-4A75-B9EE-60E979BE0ACF}.Debug|Any CPU.Build.0 = Debug|Any CPU
		{E5C04135-3D59-4D0B-8B91-F4B61B214B2E}.Debug|Any CPU.ActiveCfg = Debug|Any CPU
		{E5C04135-3D59-4D0B-8B91-F4B61B214B2E}.Debug|Any CPU.Build.0 = Debug|Any CPU
		{E5C04135-3D59-4D0B-8B91-F4B61B214B2E}.Release|Any CPU.ActiveCfg = Release|Any CPU
		{E5C04135-3D59-4D0B-8B91-F4B61B214B2E}.Release|Any CPU.Build.0 = Release|Any CPU
		{7A3A78BA-6CCA-471F-BF43-5955D1960F3F}.Debug|Any CPU.ActiveCfg = Debug|Any CPU
		{7A3A78BA-6CCA-471F-BF43-5955D1960F3F}.Debug|Any CPU.Build.0 = Debug|Any CPU
		{7A3A78BA-6CCA-471F-BF43-5955D1960F3F}.Release|Any CPU.ActiveCfg = Release|Any CPU
		{7A3A78BA-6CCA-471F-BF43-5955D1960F3F}.Release|Any CPU.Build.0 = Release|Any CPU
		{2E2A2FBD-BF62-473E-90D3-42BDF8B74020}.Debug|Any CPU.ActiveCfg = Debug|Any CPU
		{2E2A2FBD-BF62-473E-90D3-42BDF8B74020}.Debug|Any CPU.Build.0 = Debug|Any CPU
		{2E2A2FBD-BF62-473E-90D3-42BDF8B74020}.Release|Any CPU.ActiveCfg = Release|Any CPU
		{2E2A2FBD-BF62-473E-90D3-42BDF8B74020}.Release|Any CPU.Build.0 = Release|Any CPU
		{32530F02-3038-4B62-AF6A-D1C47C15A26A}.Debug|Any CPU.ActiveCfg = Debug|Any CPU
		{32530F02-3038-4B62-AF6A-D1C47C15A26A}.Debug|Any CPU.Build.0 = Debug|Any CPU
		{32530F02-3038-4B62-AF6A-D1C47C15A26A}.Release|Any CPU.ActiveCfg = Release|Any CPU
		{32530F02-3038-4B62-AF6A-D1C47C15A26A}.Release|Any CPU.Build.0 = Release|Any CPU
		{D99A521F-ED40-4CDF-BBA0-1C806003EA0A}.Debug|Any CPU.ActiveCfg = Debug|Any CPU
		{D99A521F-ED40-4CDF-BBA0-1C806003EA0A}.Debug|Any CPU.Build.0 = Debug|Any CPU
		{D99A521F-ED40-4CDF-BBA0-1C806003EA0A}.Release|Any CPU.ActiveCfg = Release|Any CPU
		{D99A521F-ED40-4CDF-BBA0-1C806003EA0A}.Release|Any CPU.Build.0 = Release|Any CPU
		{D5C9D36C-37FD-4EA7-B227-E43F8AAB0E06}.Debug|Any CPU.ActiveCfg = Debug|Any CPU
		{D5C9D36C-37FD-4EA7-B227-E43F8AAB0E06}.Debug|Any CPU.Build.0 = Debug|Any CPU
		{D5C9D36C-37FD-4EA7-B227-E43F8AAB0E06}.Release|Any CPU.ActiveCfg = Release|Any CPU
		{D5C9D36C-37FD-4EA7-B227-E43F8AAB0E06}.Release|Any CPU.Build.0 = Release|Any CPU
		{59304429-6170-44D3-9EAC-122CDE871BAF}.Debug|Any CPU.ActiveCfg = Debug|Any CPU
		{59304429-6170-44D3-9EAC-122CDE871BAF}.Debug|Any CPU.Build.0 = Debug|Any CPU
		{59304429-6170-44D3-9EAC-122CDE871BAF}.Release|Any CPU.ActiveCfg = Release|Any CPU
		{59304429-6170-44D3-9EAC-122CDE871BAF}.Release|Any CPU.Build.0 = Release|Any CPU
	EndGlobalSection
	GlobalSection(SolutionProperties) = preSolution
		HideSolutionNode = FALSE
	EndGlobalSection
	GlobalSection(ExtensibilityGlobals) = postSolution
		SolutionGuid = {A7261B7F-EFD3-4D54-968C-C7FBD7AE80BF}
	EndGlobalSection
	GlobalSection(NestedProjects) = preSolution
		{920CD228-FA96-42C4-8ECB-6100950D959B} = {DF5D9A73-39F5-4669-9C33-1FCBA4B3BA73}
		{2542608D-131B-43C0-95A0-FF07D43818BA} = {DF5D9A73-39F5-4669-9C33-1FCBA4B3BA73}
		{4A20B43A-80C7-479D-A46E-F52E5F301EDB} = {DF5D9A73-39F5-4669-9C33-1FCBA4B3BA73}
		{E63903E5-BC4F-4C46-AAF7-B7712D3DFFA5} = {DF5D9A73-39F5-4669-9C33-1FCBA4B3BA73}
		{67ADE9F8-ADCC-46CA-BF0F-18CB75D2693E} = {DF5D9A73-39F5-4669-9C33-1FCBA4B3BA73}
		{C8A4C88F-9148-4FC5-B50F-9A0AB5FF51E4} = {DF5D9A73-39F5-4669-9C33-1FCBA4B3BA73}
		{9506B4DC-E7EC-4B0B-A90D-DCAA4512C7D4} = {DF5D9A73-39F5-4669-9C33-1FCBA4B3BA73}
		{5D0142DB-4636-493D-B6A1-4C0D55D7A40D} = {DF5D9A73-39F5-4669-9C33-1FCBA4B3BA73}
		{050F43F8-62D0-46A5-868F-C63A5ECC5512} = {DF5D9A73-39F5-4669-9C33-1FCBA4B3BA73}
		{A84BDE30-8D41-4D07-B3F3-83A2E950C77C} = {DF5D9A73-39F5-4669-9C33-1FCBA4B3BA73}
		{CF0B7DC6-3C4C-4F85-AF3E-E438834466E1} = {DF5D9A73-39F5-4669-9C33-1FCBA4B3BA73}
		{5531BD1D-3446-437F-ACC6-C27D5B44E493} = {DF5D9A73-39F5-4669-9C33-1FCBA4B3BA73}
		{1D251597-DF55-4918-A0BC-E982DBC8E1B2} = {DF5D9A73-39F5-4669-9C33-1FCBA4B3BA73}
		{F7DC867D-D5CB-49BB-A876-600BDA198F13} = {DF5D9A73-39F5-4669-9C33-1FCBA4B3BA73}
		{694D4ADC-DB79-4BA7-B139-0F1BB18B36DF} = {DF5D9A73-39F5-4669-9C33-1FCBA4B3BA73}
		{790F3DCF-9ABA-4CF4-86AC-07B82CAD93CF} = {DF5D9A73-39F5-4669-9C33-1FCBA4B3BA73}
		{CFA1EF8F-52D1-4ED3-BD2E-A2E852DDDFE6} = {DF5D9A73-39F5-4669-9C33-1FCBA4B3BA73}
		{754B0178-9287-4049-B4D5-DB0F9F6C62A2} = {DF5D9A73-39F5-4669-9C33-1FCBA4B3BA73}
		{450A164A-997D-4A58-B8C2-E92A932BA515} = {DF5D9A73-39F5-4669-9C33-1FCBA4B3BA73}
		{9C8C8F80-6890-4306-9536-E0439659622F} = {DF5D9A73-39F5-4669-9C33-1FCBA4B3BA73}
		{2E2A2FBD-BF62-473E-90D3-42BDF8B74020} = {DF5D9A73-39F5-4669-9C33-1FCBA4B3BA73}
	EndGlobalSection
EndGlobal
