
Microsoft Visual Studio Solution File, Format Version 12.00
# Visual Studio Version 16
VisualStudioVersion = 16.0.810.9
MinimumVisualStudioVersion = 10.0.40219.1
Project("{FAE04EC0-301F-11D3-BF4B-00C04F79EFBC}") = "HelloWorld", "hello-world\HelloWorld.csproj", "{920CD228-FA96-42C4-8ECB-6100950D959B}"
EndProject
Project("{FAE04EC0-301F-11D3-BF4B-00C04F79EFBC}") = "LuciansLusciousLasagna", "lucians-luscious-lasagna\LuciansLusciousLasagna.csproj", "{2542608D-131B-43C0-95A0-FF07D43818BA}"
EndProject
Project("{FAE04EC0-301F-11D3-BF4B-00C04F79EFBC}") = "AnnalynsInfiltration", "annalyns-infiltration\AnnalynsInfiltration.csproj", "{E63903E5-BC4F-4C46-AAF7-B7712D3DFFA5}"
EndProject
Project("{2150E333-8FDC-42A3-9474-1A3956D46DE8}") = "Done", "Done", "{DF5D9A73-39F5-4669-9C33-1FCBA4B3BA73}"
EndProject
Project("{FAE04EC0-301F-11D3-BF4B-00C04F79EFBC}") = "LogLevels", "log-levels\LogLevels.csproj", "{4A20B43A-80C7-479D-A46E-F52E5F301EDB}"
EndProject
Project("{FAE04EC0-301F-11D3-BF4B-00C04F79EFBC}") = "CarsAssemble", "cars-assemble\CarsAssemble.csproj", "{67ADE9F8-ADCC-46CA-BF0F-18CB75D2693E}"
EndProject
Project("{FAE04EC0-301F-11D3-BF4B-00C04F79EFBC}") = "PhoneNumberAnalysis", "phone-number-analysis\PhoneNumberAnalysis.csproj", "{C8A4C88F-9148-4FC5-B50F-9A0AB5FF51E4}"
EndProject
Project("{FAE04EC0-301F-11D3-BF4B-00C04F79EFBC}") = "RunLengthEncoding", "run-length-encoding\RunLengthEncoding.csproj", "{0291CCB9-9137-48C6-9087-9A03EE2952D7}"
EndProject
Project("{FAE04EC0-301F-11D3-BF4B-00C04F79EFBC}") = "Acronym", "acronym\Acronym.csproj", "{28D3D7E7-3F1F-4042-B688-3149F3E5A5C6}"
EndProject
Project("{FAE04EC0-301F-11D3-BF4B-00C04F79EFBC}") = "FoodChain", "food-chain\FoodChain.csproj", "{CA30DD32-5115-4F9B-8945-BEDC633A99C9}"
EndProject
Project("{FAE04EC0-301F-11D3-BF4B-00C04F79EFBC}") = "Say", "say\Say.csproj", "{39CDC8FE-5EFA-4B89-8016-B82EFE2D5A2B}"
EndProject
Project("{FAE04EC0-301F-11D3-BF4B-00C04F79EFBC}") = "PalindromeProducts", "palindrome-products\PalindromeProducts.csproj", "{BB824106-B909-4755-AE7D-D450933620FC}"
EndProject
Project("{FAE04EC0-301F-11D3-BF4B-00C04F79EFBC}") = "InterestIsInteresting", "interest-is-interesting\InterestIsInteresting.csproj", "{32530F02-3038-4B62-AF6A-D1C47C15A26A}"
EndProject
Project("{FAE04EC0-301F-11D3-BF4B-00C04F79EFBC}") = "TimFromMarketing", "tim-from-marketing\TimFromMarketing.csproj", "{D99A521F-ED40-4CDF-BBA0-1C806003EA0A}"
EndProject
Project("{FAE04EC0-301F-11D3-BF4B-00C04F79EFBC}") = "RollTheDie", "roll-the-die\RollTheDie.csproj", "{D5C9D36C-37FD-4EA7-B227-E43F8AAB0E06}"
EndProject
Project("{FAE04EC0-301F-11D3-BF4B-00C04F79EFBC}") = "ElonsToys", "elons-toys\ElonsToys.csproj", "{59304429-6170-44D3-9EAC-122CDE871BAF}"
EndProject
Project("{FAE04EC0-301F-11D3-BF4B-00C04F79EFBC}") = "BookingUpForBeauty", "booking-up-for-beauty\BookingUpForBeauty.csproj", "{5D5EE40F-D7B4-4A34-BC08-C448A5E37E28}"
EndProject
Project("{FAE04EC0-301F-11D3-BF4B-00C04F79EFBC}") = "BirdWatcher", "bird-watcher\BirdWatcher.csproj", "{61C2C626-E166-42F2-8CE0-D8D0DD191B13}"
EndProject
Project("{FAE04EC0-301F-11D3-BF4B-00C04F79EFBC}") = "NeedForSpeed", "need-for-speed\NeedForSpeed.csproj", "{5A695050-742D-4E72-AACA-524DCC871CF4}"
EndProject
Project("{FAE04EC0-301F-11D3-BF4B-00C04F79EFBC}") = "WizardsAndWarriors", "wizards-and-warriors\WizardsAndWarriors.csproj", "{197E8578-F668-443E-8640-DCE2F9C98F52}"
EndProject
Project("{FAE04EC0-301F-11D3-BF4B-00C04F79EFBC}") = "TracksOnTracksOnTracks", "tracks-on-tracks-on-tracks\TracksOnTracksOnTracks.csproj", "{F80D5264-3658-4544-BFBE-CC91517336A9}"
EndProject
Project("{FAE04EC0-301F-11D3-BF4B-00C04F79EFBC}") = "SqueakyClean", "squeaky-clean\SqueakyClean.csproj", "{4D6D042C-1138-4B3B-8828-6EB473144BAC}"
EndProject
Project("{FAE04EC0-301F-11D3-BF4B-00C04F79EFBC}") = "LogAnalysis", "log-analysis\LogAnalysis.csproj", "{B4744B03-EAFC-41C1-9A86-D7FCEE7591E3}"
EndProject
Project("{FAE04EC0-301F-11D3-BF4B-00C04F79EFBC}") = "HyperOptimizedTelemetry", "hyper-optimized-telemetry\HyperOptimizedTelemetry.csproj", "{60ACF68B-3C4D-4F53-82B9-691686E788AC}"
EndProject
Project("{2150E333-8FDC-42A3-9474-1A3956D46DE8}") = "Solution Items", "Solution Items", "{9CE7C2C6-60D4-493E-A284-63239BC4BE44}"
	ProjectSection(SolutionItems) = preProject
		.editorconfig = .editorconfig
	EndProjectSection
EndProject
Project("{FAE04EC0-301F-11D3-BF4B-00C04F79EFBC}") = "DotDsl", "dot-dsl\DotDsl.csproj", "{2BD64F58-2ADF-4DF4-95A7-C5815D2AFDD8}"
EndProject
Project("{FAE04EC0-301F-11D3-BF4B-00C04F79EFBC}") = "Clock", "clock\Clock.csproj", "{6737AC21-AC40-49DC-8D05-6C30FE5D73A5}"
EndProject
Project("{FAE04EC0-301F-11D3-BF4B-00C04F79EFBC}") = "Matrix", "matrix\Matrix.csproj", "{4AC751AF-5BD2-4394-9F55-087E2958C1F7}"
EndProject
Project("{FAE04EC0-301F-11D3-BF4B-00C04F79EFBC}") = "CircularBuffer", "circular-buffer\CircularBuffer.csproj", "{DD74B4BA-AB55-431C-A747-018E1194AB8D}"
EndProject
Project("{FAE04EC0-301F-11D3-BF4B-00C04F79EFBC}") = "BinarySearchTree", "binary-search-tree\BinarySearchTree.csproj", "{099A6CF4-EF24-47AB-BA31-F4B7688F22F8}"
EndProject
Project("{FAE04EC0-301F-11D3-BF4B-00C04F79EFBC}") = "SpiralMatrix", "spiral-matrix\SpiralMatrix.csproj", "{3A0F385C-6124-4ACA-85EE-62B2D8B2A96F}"
EndProject
Project("{FAE04EC0-301F-11D3-BF4B-00C04F79EFBC}") = "SimpleCipher", "simple-cipher\SimpleCipher.csproj", "{C533BFD7-ABD9-4D71-8244-100DDB359F0E}"
EndProject
Global
	GlobalSection(SolutionConfigurationPlatforms) = preSolution
		Debug|Any CPU = Debug|Any CPU
		Release|Any CPU = Release|Any CPU
	EndGlobalSection
	GlobalSection(ProjectConfigurationPlatforms) = postSolution
		{920CD228-FA96-42C4-8ECB-6100950D959B}.Debug|Any CPU.ActiveCfg = Debug|Any CPU
		{920CD228-FA96-42C4-8ECB-6100950D959B}.Debug|Any CPU.Build.0 = Debug|Any CPU
		{920CD228-FA96-42C4-8ECB-6100950D959B}.Release|Any CPU.ActiveCfg = Release|Any CPU
		{920CD228-FA96-42C4-8ECB-6100950D959B}.Release|Any CPU.Build.0 = Release|Any CPU
		{2542608D-131B-43C0-95A0-FF07D43818BA}.Debug|Any CPU.ActiveCfg = Debug|Any CPU
		{2542608D-131B-43C0-95A0-FF07D43818BA}.Debug|Any CPU.Build.0 = Debug|Any CPU
		{2542608D-131B-43C0-95A0-FF07D43818BA}.Release|Any CPU.ActiveCfg = Release|Any CPU
		{2542608D-131B-43C0-95A0-FF07D43818BA}.Release|Any CPU.Build.0 = Release|Any CPU
		{E63903E5-BC4F-4C46-AAF7-B7712D3DFFA5}.Debug|Any CPU.ActiveCfg = Debug|Any CPU
		{E63903E5-BC4F-4C46-AAF7-B7712D3DFFA5}.Debug|Any CPU.Build.0 = Debug|Any CPU
		{E63903E5-BC4F-4C46-AAF7-B7712D3DFFA5}.Release|Any CPU.ActiveCfg = Release|Any CPU
		{E63903E5-BC4F-4C46-AAF7-B7712D3DFFA5}.Release|Any CPU.Build.0 = Release|Any CPU
		{4A20B43A-80C7-479D-A46E-F52E5F301EDB}.Debug|Any CPU.ActiveCfg = Debug|Any CPU
		{4A20B43A-80C7-479D-A46E-F52E5F301EDB}.Debug|Any CPU.Build.0 = Debug|Any CPU
		{4A20B43A-80C7-479D-A46E-F52E5F301EDB}.Release|Any CPU.ActiveCfg = Release|Any CPU
		{4A20B43A-80C7-479D-A46E-F52E5F301EDB}.Release|Any CPU.Build.0 = Release|Any CPU
		{67ADE9F8-ADCC-46CA-BF0F-18CB75D2693E}.Debug|Any CPU.ActiveCfg = Debug|Any CPU
		{67ADE9F8-ADCC-46CA-BF0F-18CB75D2693E}.Debug|Any CPU.Build.0 = Debug|Any CPU
		{67ADE9F8-ADCC-46CA-BF0F-18CB75D2693E}.Release|Any CPU.ActiveCfg = Release|Any CPU
		{67ADE9F8-ADCC-46CA-BF0F-18CB75D2693E}.Release|Any CPU.Build.0 = Release|Any CPU
		{C8A4C88F-9148-4FC5-B50F-9A0AB5FF51E4}.Debug|Any CPU.ActiveCfg = Debug|Any CPU
		{C8A4C88F-9148-4FC5-B50F-9A0AB5FF51E4}.Debug|Any CPU.Build.0 = Debug|Any CPU
		{C8A4C88F-9148-4FC5-B50F-9A0AB5FF51E4}.Release|Any CPU.ActiveCfg = Release|Any CPU
		{C8A4C88F-9148-4FC5-B50F-9A0AB5FF51E4}.Release|Any CPU.Build.0 = Release|Any CPU
		{0291CCB9-9137-48C6-9087-9A03EE2952D7}.Debug|Any CPU.ActiveCfg = Debug|Any CPU
		{0291CCB9-9137-48C6-9087-9A03EE2952D7}.Debug|Any CPU.Build.0 = Debug|Any CPU
		{0291CCB9-9137-48C6-9087-9A03EE2952D7}.Release|Any CPU.ActiveCfg = Release|Any CPU
		{0291CCB9-9137-48C6-9087-9A03EE2952D7}.Release|Any CPU.Build.0 = Release|Any CPU
		{28D3D7E7-3F1F-4042-B688-3149F3E5A5C6}.Debug|Any CPU.ActiveCfg = Debug|Any CPU
		{28D3D7E7-3F1F-4042-B688-3149F3E5A5C6}.Debug|Any CPU.Build.0 = Debug|Any CPU
		{28D3D7E7-3F1F-4042-B688-3149F3E5A5C6}.Release|Any CPU.ActiveCfg = Release|Any CPU
		{28D3D7E7-3F1F-4042-B688-3149F3E5A5C6}.Release|Any CPU.Build.0 = Release|Any CPU
		{CA30DD32-5115-4F9B-8945-BEDC633A99C9}.Debug|Any CPU.ActiveCfg = Debug|Any CPU
		{CA30DD32-5115-4F9B-8945-BEDC633A99C9}.Debug|Any CPU.Build.0 = Debug|Any CPU
		{CA30DD32-5115-4F9B-8945-BEDC633A99C9}.Release|Any CPU.ActiveCfg = Release|Any CPU
		{CA30DD32-5115-4F9B-8945-BEDC633A99C9}.Release|Any CPU.Build.0 = Release|Any CPU
		{39CDC8FE-5EFA-4B89-8016-B82EFE2D5A2B}.Debug|Any CPU.ActiveCfg = Debug|Any CPU
		{39CDC8FE-5EFA-4B89-8016-B82EFE2D5A2B}.Debug|Any CPU.Build.0 = Debug|Any CPU
		{39CDC8FE-5EFA-4B89-8016-B82EFE2D5A2B}.Release|Any CPU.ActiveCfg = Release|Any CPU
		{39CDC8FE-5EFA-4B89-8016-B82EFE2D5A2B}.Release|Any CPU.Build.0 = Release|Any CPU
		{BB824106-B909-4755-AE7D-D450933620FC}.Debug|Any CPU.ActiveCfg = Debug|Any CPU
		{BB824106-B909-4755-AE7D-D450933620FC}.Debug|Any CPU.Build.0 = Debug|Any CPU
		{BB824106-B909-4755-AE7D-D450933620FC}.Release|Any CPU.ActiveCfg = Release|Any CPU
		{BB824106-B909-4755-AE7D-D450933620FC}.Release|Any CPU.Build.0 = Release|Any CPU
		{32530F02-3038-4B62-AF6A-D1C47C15A26A}.Debug|Any CPU.ActiveCfg = Debug|Any CPU
		{32530F02-3038-4B62-AF6A-D1C47C15A26A}.Debug|Any CPU.Build.0 = Debug|Any CPU
		{32530F02-3038-4B62-AF6A-D1C47C15A26A}.Release|Any CPU.ActiveCfg = Release|Any CPU
		{32530F02-3038-4B62-AF6A-D1C47C15A26A}.Release|Any CPU.Build.0 = Release|Any CPU
		{D99A521F-ED40-4CDF-BBA0-1C806003EA0A}.Debug|Any CPU.ActiveCfg = Debug|Any CPU
		{D99A521F-ED40-4CDF-BBA0-1C806003EA0A}.Debug|Any CPU.Build.0 = Debug|Any CPU
		{D99A521F-ED40-4CDF-BBA0-1C806003EA0A}.Release|Any CPU.ActiveCfg = Release|Any CPU
		{D99A521F-ED40-4CDF-BBA0-1C806003EA0A}.Release|Any CPU.Build.0 = Release|Any CPU
		{D5C9D36C-37FD-4EA7-B227-E43F8AAB0E06}.Debug|Any CPU.ActiveCfg = Debug|Any CPU
		{D5C9D36C-37FD-4EA7-B227-E43F8AAB0E06}.Debug|Any CPU.Build.0 = Debug|Any CPU
		{D5C9D36C-37FD-4EA7-B227-E43F8AAB0E06}.Release|Any CPU.ActiveCfg = Release|Any CPU
		{D5C9D36C-37FD-4EA7-B227-E43F8AAB0E06}.Release|Any CPU.Build.0 = Release|Any CPU
		{59304429-6170-44D3-9EAC-122CDE871BAF}.Debug|Any CPU.ActiveCfg = Debug|Any CPU
		{59304429-6170-44D3-9EAC-122CDE871BAF}.Debug|Any CPU.Build.0 = Debug|Any CPU
		{59304429-6170-44D3-9EAC-122CDE871BAF}.Release|Any CPU.ActiveCfg = Release|Any CPU
		{59304429-6170-44D3-9EAC-122CDE871BAF}.Release|Any CPU.Build.0 = Release|Any CPU
		{5D5EE40F-D7B4-4A34-BC08-C448A5E37E28}.Debug|Any CPU.ActiveCfg = Debug|Any CPU
		{5D5EE40F-D7B4-4A34-BC08-C448A5E37E28}.Debug|Any CPU.Build.0 = Debug|Any CPU
		{5D5EE40F-D7B4-4A34-BC08-C448A5E37E28}.Release|Any CPU.ActiveCfg = Release|Any CPU
		{5D5EE40F-D7B4-4A34-BC08-C448A5E37E28}.Release|Any CPU.Build.0 = Release|Any CPU
		{61C2C626-E166-42F2-8CE0-D8D0DD191B13}.Debug|Any CPU.ActiveCfg = Debug|Any CPU
		{61C2C626-E166-42F2-8CE0-D8D0DD191B13}.Debug|Any CPU.Build.0 = Debug|Any CPU
		{61C2C626-E166-42F2-8CE0-D8D0DD191B13}.Release|Any CPU.ActiveCfg = Release|Any CPU
		{61C2C626-E166-42F2-8CE0-D8D0DD191B13}.Release|Any CPU.Build.0 = Release|Any CPU
		{5A695050-742D-4E72-AACA-524DCC871CF4}.Debug|Any CPU.ActiveCfg = Debug|Any CPU
		{5A695050-742D-4E72-AACA-524DCC871CF4}.Debug|Any CPU.Build.0 = Debug|Any CPU
		{5A695050-742D-4E72-AACA-524DCC871CF4}.Release|Any CPU.ActiveCfg = Release|Any CPU
		{5A695050-742D-4E72-AACA-524DCC871CF4}.Release|Any CPU.Build.0 = Release|Any CPU
		{197E8578-F668-443E-8640-DCE2F9C98F52}.Debug|Any CPU.ActiveCfg = Debug|Any CPU
		{197E8578-F668-443E-8640-DCE2F9C98F52}.Debug|Any CPU.Build.0 = Debug|Any CPU
		{197E8578-F668-443E-8640-DCE2F9C98F52}.Release|Any CPU.ActiveCfg = Release|Any CPU
		{197E8578-F668-443E-8640-DCE2F9C98F52}.Release|Any CPU.Build.0 = Release|Any CPU
		{F80D5264-3658-4544-BFBE-CC91517336A9}.Debug|Any CPU.ActiveCfg = Debug|Any CPU
		{F80D5264-3658-4544-BFBE-CC91517336A9}.Debug|Any CPU.Build.0 = Debug|Any CPU
		{F80D5264-3658-4544-BFBE-CC91517336A9}.Release|Any CPU.ActiveCfg = Release|Any CPU
		{F80D5264-3658-4544-BFBE-CC91517336A9}.Release|Any CPU.Build.0 = Release|Any CPU
		{4D6D042C-1138-4B3B-8828-6EB473144BAC}.Debug|Any CPU.ActiveCfg = Debug|Any CPU
		{4D6D042C-1138-4B3B-8828-6EB473144BAC}.Debug|Any CPU.Build.0 = Debug|Any CPU
		{4D6D042C-1138-4B3B-8828-6EB473144BAC}.Release|Any CPU.ActiveCfg = Release|Any CPU
		{4D6D042C-1138-4B3B-8828-6EB473144BAC}.Release|Any CPU.Build.0 = Release|Any CPU
		{B4744B03-EAFC-41C1-9A86-D7FCEE7591E3}.Debug|Any CPU.ActiveCfg = Debug|Any CPU
		{B4744B03-EAFC-41C1-9A86-D7FCEE7591E3}.Debug|Any CPU.Build.0 = Debug|Any CPU
		{B4744B03-EAFC-41C1-9A86-D7FCEE7591E3}.Release|Any CPU.ActiveCfg = Release|Any CPU
		{B4744B03-EAFC-41C1-9A86-D7FCEE7591E3}.Release|Any CPU.Build.0 = Release|Any CPU
		{60ACF68B-3C4D-4F53-82B9-691686E788AC}.Debug|Any CPU.ActiveCfg = Debug|Any CPU
		{60ACF68B-3C4D-4F53-82B9-691686E788AC}.Debug|Any CPU.Build.0 = Debug|Any CPU
		{60ACF68B-3C4D-4F53-82B9-691686E788AC}.Release|Any CPU.ActiveCfg = Release|Any CPU
		{60ACF68B-3C4D-4F53-82B9-691686E788AC}.Release|Any CPU.Build.0 = Release|Any CPU
		{2BD64F58-2ADF-4DF4-95A7-C5815D2AFDD8}.Debug|Any CPU.ActiveCfg = Debug|Any CPU
		{2BD64F58-2ADF-4DF4-95A7-C5815D2AFDD8}.Debug|Any CPU.Build.0 = Debug|Any CPU
		{2BD64F58-2ADF-4DF4-95A7-C5815D2AFDD8}.Release|Any CPU.ActiveCfg = Release|Any CPU
		{2BD64F58-2ADF-4DF4-95A7-C5815D2AFDD8}.Release|Any CPU.Build.0 = Release|Any CPU
		{6737AC21-AC40-49DC-8D05-6C30FE5D73A5}.Debug|Any CPU.ActiveCfg = Debug|Any CPU
		{6737AC21-AC40-49DC-8D05-6C30FE5D73A5}.Debug|Any CPU.Build.0 = Debug|Any CPU
		{6737AC21-AC40-49DC-8D05-6C30FE5D73A5}.Release|Any CPU.ActiveCfg = Release|Any CPU
		{6737AC21-AC40-49DC-8D05-6C30FE5D73A5}.Release|Any CPU.Build.0 = Release|Any CPU
		{4AC751AF-5BD2-4394-9F55-087E2958C1F7}.Debug|Any CPU.ActiveCfg = Debug|Any CPU
		{4AC751AF-5BD2-4394-9F55-087E2958C1F7}.Debug|Any CPU.Build.0 = Debug|Any CPU
		{4AC751AF-5BD2-4394-9F55-087E2958C1F7}.Release|Any CPU.ActiveCfg = Release|Any CPU
		{4AC751AF-5BD2-4394-9F55-087E2958C1F7}.Release|Any CPU.Build.0 = Release|Any CPU
		{DD74B4BA-AB55-431C-A747-018E1194AB8D}.Debug|Any CPU.ActiveCfg = Debug|Any CPU
		{DD74B4BA-AB55-431C-A747-018E1194AB8D}.Debug|Any CPU.Build.0 = Debug|Any CPU
		{DD74B4BA-AB55-431C-A747-018E1194AB8D}.Release|Any CPU.ActiveCfg = Release|Any CPU
		{DD74B4BA-AB55-431C-A747-018E1194AB8D}.Release|Any CPU.Build.0 = Release|Any CPU
		{099A6CF4-EF24-47AB-BA31-F4B7688F22F8}.Debug|Any CPU.ActiveCfg = Debug|Any CPU
		{099A6CF4-EF24-47AB-BA31-F4B7688F22F8}.Debug|Any CPU.Build.0 = Debug|Any CPU
		{099A6CF4-EF24-47AB-BA31-F4B7688F22F8}.Release|Any CPU.ActiveCfg = Release|Any CPU
		{099A6CF4-EF24-47AB-BA31-F4B7688F22F8}.Release|Any CPU.Build.0 = Release|Any CPU
		{3A0F385C-6124-4ACA-85EE-62B2D8B2A96F}.Debug|Any CPU.ActiveCfg = Debug|Any CPU
		{3A0F385C-6124-4ACA-85EE-62B2D8B2A96F}.Debug|Any CPU.Build.0 = Debug|Any CPU
		{3A0F385C-6124-4ACA-85EE-62B2D8B2A96F}.Release|Any CPU.ActiveCfg = Release|Any CPU
		{3A0F385C-6124-4ACA-85EE-62B2D8B2A96F}.Release|Any CPU.Build.0 = Release|Any CPU
		{C533BFD7-ABD9-4D71-8244-100DDB359F0E}.Debug|Any CPU.ActiveCfg = Debug|Any CPU
		{C533BFD7-ABD9-4D71-8244-100DDB359F0E}.Debug|Any CPU.Build.0 = Debug|Any CPU
		{C533BFD7-ABD9-4D71-8244-100DDB359F0E}.Release|Any CPU.ActiveCfg = Release|Any CPU
		{C533BFD7-ABD9-4D71-8244-100DDB359F0E}.Release|Any CPU.Build.0 = Release|Any CPU
	EndGlobalSection
	GlobalSection(SolutionProperties) = preSolution
		HideSolutionNode = FALSE
	EndGlobalSection
	GlobalSection(ExtensibilityGlobals) = postSolution
		SolutionGuid = {A7261B7F-EFD3-4D54-968C-C7FBD7AE80BF}
	EndGlobalSection
	GlobalSection(NestedProjects) = preSolution
		{920CD228-FA96-42C4-8ECB-6100950D959B} = {DF5D9A73-39F5-4669-9C33-1FCBA4B3BA73}
		{2542608D-131B-43C0-95A0-FF07D43818BA} = {DF5D9A73-39F5-4669-9C33-1FCBA4B3BA73}
		{4A20B43A-80C7-479D-A46E-F52E5F301EDB} = {DF5D9A73-39F5-4669-9C33-1FCBA4B3BA73}
		{E63903E5-BC4F-4C46-AAF7-B7712D3DFFA5} = {DF5D9A73-39F5-4669-9C33-1FCBA4B3BA73}
		{67ADE9F8-ADCC-46CA-BF0F-18CB75D2693E} = {DF5D9A73-39F5-4669-9C33-1FCBA4B3BA73}
		{C8A4C88F-9148-4FC5-B50F-9A0AB5FF51E4} = {DF5D9A73-39F5-4669-9C33-1FCBA4B3BA73}
		{59304429-6170-44D3-9EAC-122CDE871BAF} = {DF5D9A73-39F5-4669-9C33-1FCBA4B3BA73}
		{D5C9D36C-37FD-4EA7-B227-E43F8AAB0E06} = {DF5D9A73-39F5-4669-9C33-1FCBA4B3BA73}
		{D99A521F-ED40-4CDF-BBA0-1C806003EA0A} = {DF5D9A73-39F5-4669-9C33-1FCBA4B3BA73}
		{32530F02-3038-4B62-AF6A-D1C47C15A26A} = {DF5D9A73-39F5-4669-9C33-1FCBA4B3BA73}
		{61C2C626-E166-42F2-8CE0-D8D0DD191B13} = {DF5D9A73-39F5-4669-9C33-1FCBA4B3BA73}
		{5D5EE40F-D7B4-4A34-BC08-C448A5E37E28} = {DF5D9A73-39F5-4669-9C33-1FCBA4B3BA73}
		{5A695050-742D-4E72-AACA-524DCC871CF4} = {DF5D9A73-39F5-4669-9C33-1FCBA4B3BA73}
		{4D6D042C-1138-4B3B-8828-6EB473144BAC} = {DF5D9A73-39F5-4669-9C33-1FCBA4B3BA73}
		{6737AC21-AC40-49DC-8D05-6C30FE5D73A5} = {DF5D9A73-39F5-4669-9C33-1FCBA4B3BA73}
	EndGlobalSection
EndGlobal
