
Microsoft Visual Studio Solution File, Format Version 12.00
# Visual Studio 15
Project("{FAE04EC0-301F-11D3-BF4B-00C04F79EFBC}") = "RomanNumerals", "roman-numerals\RomanNumerals.csproj", "{5E7CAC94-2F10-4968-85BD-75D35B4952D1}"
EndProject
Project("{FAE04EC0-301F-11D3-BF4B-00C04F79EFBC}") = "DiffieHellman", "diffie-hellman\DiffieHellman.csproj", "{2243A6B5-1375-460B-96B7-E2A5A40231FE}"
EndProject
Project("{FAE04EC0-301F-11D3-BF4B-00C04F79EFBC}") = "Anagram", "anagram\Anagram.csproj", "{8A13D523-3D50-4439-A904-CEE32BB25C5C}"
EndProject
Project("{FAE04EC0-301F-11D3-BF4B-00C04F79EFBC}") = "Grep", "grep\Grep.csproj", "{4CE71FCA-9FC2-4A47-A2DC-9941270BD846}"
EndProject
Project("{FAE04EC0-301F-11D3-BF4B-00C04F79EFBC}") = "ParallelLetterFrequency", "parallel-letter-frequency\ParallelLetterFrequency.csproj", "{FD3B2073-FE51-4217-8FA5-23E79D38B8B2}"
EndProject
Project("{FAE04EC0-301F-11D3-BF4B-00C04F79EFBC}") = "Bob", "bob\Bob.csproj", "{462D9277-B0A6-482C-B6E6-54675D88C486}"
EndProject
Project("{FAE04EC0-301F-11D3-BF4B-00C04F79EFBC}") = "AffineCipher", "affine-cipher\AffineCipher.csproj", "{7F56099D-FB53-421A-859F-61BBA8C9CF24}"
EndProject
Project("{FAE04EC0-301F-11D3-BF4B-00C04F79EFBC}") = "RestApi", "rest-api\RestApi.csproj", "{A8645950-5331-4B1B-849C-C1B1346D48B3}"
EndProject
Project("{FAE04EC0-301F-11D3-BF4B-00C04F79EFBC}") = "CircularBuffer", "circular-buffer\CircularBuffer.csproj", "{7EF3C14F-AFF5-44CC-ADF3-536E2C6AD713}"
EndProject
Project("{FAE04EC0-301F-11D3-BF4B-00C04F79EFBC}") = "PascalsTriangle", "pascals-triangle\PascalsTriangle.csproj", "{D95176B2-7187-46DF-8D76-CE349FA4D841}"
EndProject
Project("{FAE04EC0-301F-11D3-BF4B-00C04F79EFBC}") = "SaddlePoints", "saddle-points\SaddlePoints.csproj", "{BE0EA79D-0A45-4542-BE8D-0AF865C2E397}"
EndProject
Project("{FAE04EC0-301F-11D3-BF4B-00C04F79EFBC}") = "BookStore", "book-store\BookStore.csproj", "{F0F7CAF2-8DF6-47E2-BFD9-66F1B245CC7D}"
EndProject
Project("{FAE04EC0-301F-11D3-BF4B-00C04F79EFBC}") = "ComplexNumbers", "complex-numbers\ComplexNumbers.csproj", "{D42A66F1-C1C3-45A9-9431-BEC0884221BC}"
EndProject
Project("{FAE04EC0-301F-11D3-BF4B-00C04F79EFBC}") = "ListOps", "list-ops\ListOps.csproj", "{C9635754-3B12-4222-8BC7-2EC9DCCAB43E}"
EndProject
Project("{FAE04EC0-301F-11D3-BF4B-00C04F79EFBC}") = "Meetup", "meetup\Meetup.csproj", "{3396D6FB-B68F-4162-8FAD-391CB3C3663A}"
EndProject
Project("{FAE04EC0-301F-11D3-BF4B-00C04F79EFBC}") = "CustomSet", "custom-set\CustomSet.csproj", "{A1C50172-6CEF-4135-A8E6-E6A9110BA26C}"
EndProject
Project("{FAE04EC0-301F-11D3-BF4B-00C04F79EFBC}") = "BankAccount", "bank-account\BankAccount.csproj", "{B765F158-6593-446D-8EAD-91ED3EFC2141}"
EndProject
Project("{FAE04EC0-301F-11D3-BF4B-00C04F79EFBC}") = "WordSearch", "word-search\WordSearch.csproj", "{A0609993-E118-4527-888D-B3FCC5D44DDC}"
EndProject
Project("{FAE04EC0-301F-11D3-BF4B-00C04F79EFBC}") = "PythagoreanTriplet", "pythagorean-triplet\PythagoreanTriplet.csproj", "{0A2B6FBA-96A9-4FFB-8AE1-097CC77DD954}"
EndProject
Project("{FAE04EC0-301F-11D3-BF4B-00C04F79EFBC}") = "RationalNumbers", "rational-numbers\RationalNumbers.csproj", "{7D31886C-E086-4FD5-84E3-32F750840338}"
EndProject
Project("{FAE04EC0-301F-11D3-BF4B-00C04F79EFBC}") = "IsbnVerifier", "isbn-verifier\IsbnVerifier.csproj", "{87BD789F-4603-4D20-A0DB-2C0165CE0441}"
EndProject
Project("{FAE04EC0-301F-11D3-BF4B-00C04F79EFBC}") = "VariableLengthQuantity", "variable-length-quantity\VariableLengthQuantity.csproj", "{E5630BA0-536D-41AF-B833-ADAED783E301}"
EndProject
Project("{FAE04EC0-301F-11D3-BF4B-00C04F79EFBC}") = "RotationalCipher", "rotational-cipher\RotationalCipher.csproj", "{5C6C7793-2C0C-4756-B57C-D6CF83DB501E}"
EndProject
Project("{FAE04EC0-301F-11D3-BF4B-00C04F79EFBC}") = "Yacht", "yacht\Yacht.csproj", "{2C31C85A-8F43-4215-A99E-95B257653376}"
EndProject
Project("{FAE04EC0-301F-11D3-BF4B-00C04F79EFBC}") = "WordCount", "word-count\WordCount.csproj", "{1452ACB4-120B-47EE-91C4-A742D98D8691}"
EndProject
Project("{FAE04EC0-301F-11D3-BF4B-00C04F79EFBC}") = "SpiralMatrix", "spiral-matrix\SpiralMatrix.csproj", "{4E66398F-3C70-4BF9-8D53-4A4C4E361C7F}"
EndProject
Project("{FAE04EC0-301F-11D3-BF4B-00C04F79EFBC}") = "FlattenArray", "flatten-array\FlattenArray.csproj", "{7FC0ED98-0466-4B3D-9905-4804511359BF}"
EndProject
Project("{FAE04EC0-301F-11D3-BF4B-00C04F79EFBC}") = "BinarySearchTree", "binary-search-tree\BinarySearchTree.csproj", "{F091FE89-E0EB-4F4D-A121-8724785B7266}"
EndProject
Project("{FAE04EC0-301F-11D3-BF4B-00C04F79EFBC}") = "Triangle", "triangle\Triangle.csproj", "{D8F98C64-2B28-48BA-AF4C-E429646AB3CF}"
EndProject
Project("{FAE04EC0-301F-11D3-BF4B-00C04F79EFBC}") = "LargestSeriesProduct", "largest-series-product\LargestSeriesProduct.csproj", "{1A60A2EE-1DD2-4110-B2A2-86B12F1DDC38}"
EndProject
Project("{FAE04EC0-301F-11D3-BF4B-00C04F79EFBC}") = "OcrNumbers", "ocr-numbers\OcrNumbers.csproj", "{3C9B9731-CA9C-4781-BC78-FEB1C3AE3E9A}"
EndProject
Project("{FAE04EC0-301F-11D3-BF4B-00C04F79EFBC}") = "Bowling", "bowling\Bowling.csproj", "{71FB7CD3-5C86-4A8C-95E0-4CB5D2666550}"
EndProject
Project("{FAE04EC0-301F-11D3-BF4B-00C04F79EFBC}") = "DotDsl", "dot-dsl\DotDsl.csproj", "{93679EC0-CF99-4339-8962-71C4F65412BD}"
EndProject
Project("{2150E333-8FDC-42A3-9474-1A3956D46DE8}") = "Done", "Done", "{3B744BC2-3340-4337-A437-D3E7D388104B}"
EndProject
Project("{FAE04EC0-301F-11D3-BF4B-00C04F79EFBC}") = "Clock", "clock\Clock.csproj", "{4D8329BE-AD51-4F55-8834-457074BC5381}"
EndProject
Project("{FAE04EC0-301F-11D3-BF4B-00C04F79EFBC}") = "TreeBuilding", "tree-building\TreeBuilding.csproj", "{43D01EE3-D8FD-4950-A1A8-1CA9395E6200}"
EndProject
Project("{FAE04EC0-301F-11D3-BF4B-00C04F79EFBC}") = "Markdown", "markdown\Markdown.csproj", "{F834A861-DE95-4B40-BC68-90F0ED67AD2D}"
EndProject
Project("{FAE04EC0-301F-11D3-BF4B-00C04F79EFBC}") = "Ledger", "ledger\Ledger.csproj", "{13C1E014-DCAD-4A54-81AF-31F93C70D45C}"
EndProject
Global
	GlobalSection(SolutionConfigurationPlatforms) = preSolution
		Debug|Any CPU = Debug|Any CPU
		Release|Any CPU = Release|Any CPU
	EndGlobalSection
	GlobalSection(ProjectConfigurationPlatforms) = postSolution
		{5E7CAC94-2F10-4968-85BD-75D35B4952D1}.Debug|Any CPU.ActiveCfg = Debug|Any CPU
		{5E7CAC94-2F10-4968-85BD-75D35B4952D1}.Debug|Any CPU.Build.0 = Debug|Any CPU
		{5E7CAC94-2F10-4968-85BD-75D35B4952D1}.Release|Any CPU.ActiveCfg = Release|Any CPU
		{5E7CAC94-2F10-4968-85BD-75D35B4952D1}.Release|Any CPU.Build.0 = Release|Any CPU
		{2243A6B5-1375-460B-96B7-E2A5A40231FE}.Debug|Any CPU.ActiveCfg = Debug|Any CPU
		{2243A6B5-1375-460B-96B7-E2A5A40231FE}.Debug|Any CPU.Build.0 = Debug|Any CPU
		{2243A6B5-1375-460B-96B7-E2A5A40231FE}.Release|Any CPU.ActiveCfg = Release|Any CPU
		{2243A6B5-1375-460B-96B7-E2A5A40231FE}.Release|Any CPU.Build.0 = Release|Any CPU
		{8A13D523-3D50-4439-A904-CEE32BB25C5C}.Debug|Any CPU.ActiveCfg = Debug|Any CPU
		{8A13D523-3D50-4439-A904-CEE32BB25C5C}.Debug|Any CPU.Build.0 = Debug|Any CPU
		{8A13D523-3D50-4439-A904-CEE32BB25C5C}.Release|Any CPU.ActiveCfg = Release|Any CPU
		{8A13D523-3D50-4439-A904-CEE32BB25C5C}.Release|Any CPU.Build.0 = Release|Any CPU
		{4CE71FCA-9FC2-4A47-A2DC-9941270BD846}.Debug|Any CPU.ActiveCfg = Debug|Any CPU
		{4CE71FCA-9FC2-4A47-A2DC-9941270BD846}.Debug|Any CPU.Build.0 = Debug|Any CPU
		{4CE71FCA-9FC2-4A47-A2DC-9941270BD846}.Release|Any CPU.ActiveCfg = Release|Any CPU
		{4CE71FCA-9FC2-4A47-A2DC-9941270BD846}.Release|Any CPU.Build.0 = Release|Any CPU
		{FD3B2073-FE51-4217-8FA5-23E79D38B8B2}.Debug|Any CPU.ActiveCfg = Debug|Any CPU
		{FD3B2073-FE51-4217-8FA5-23E79D38B8B2}.Debug|Any CPU.Build.0 = Debug|Any CPU
		{FD3B2073-FE51-4217-8FA5-23E79D38B8B2}.Release|Any CPU.ActiveCfg = Release|Any CPU
		{FD3B2073-FE51-4217-8FA5-23E79D38B8B2}.Release|Any CPU.Build.0 = Release|Any CPU
		{462D9277-B0A6-482C-B6E6-54675D88C486}.Debug|Any CPU.ActiveCfg = Debug|Any CPU
		{462D9277-B0A6-482C-B6E6-54675D88C486}.Debug|Any CPU.Build.0 = Debug|Any CPU
		{462D9277-B0A6-482C-B6E6-54675D88C486}.Release|Any CPU.ActiveCfg = Release|Any CPU
		{462D9277-B0A6-482C-B6E6-54675D88C486}.Release|Any CPU.Build.0 = Release|Any CPU
		{7F56099D-FB53-421A-859F-61BBA8C9CF24}.Debug|Any CPU.ActiveCfg = Debug|Any CPU
		{7F56099D-FB53-421A-859F-61BBA8C9CF24}.Debug|Any CPU.Build.0 = Debug|Any CPU
		{7F56099D-FB53-421A-859F-61BBA8C9CF24}.Release|Any CPU.ActiveCfg = Release|Any CPU
		{7F56099D-FB53-421A-859F-61BBA8C9CF24}.Release|Any CPU.Build.0 = Release|Any CPU
		{A8645950-5331-4B1B-849C-C1B1346D48B3}.Debug|Any CPU.ActiveCfg = Debug|Any CPU
		{A8645950-5331-4B1B-849C-C1B1346D48B3}.Debug|Any CPU.Build.0 = Debug|Any CPU
		{A8645950-5331-4B1B-849C-C1B1346D48B3}.Release|Any CPU.ActiveCfg = Release|Any CPU
		{A8645950-5331-4B1B-849C-C1B1346D48B3}.Release|Any CPU.Build.0 = Release|Any CPU
		{7EF3C14F-AFF5-44CC-ADF3-536E2C6AD713}.Debug|Any CPU.ActiveCfg = Debug|Any CPU
		{7EF3C14F-AFF5-44CC-ADF3-536E2C6AD713}.Debug|Any CPU.Build.0 = Debug|Any CPU
		{7EF3C14F-AFF5-44CC-ADF3-536E2C6AD713}.Release|Any CPU.ActiveCfg = Release|Any CPU
		{7EF3C14F-AFF5-44CC-ADF3-536E2C6AD713}.Release|Any CPU.Build.0 = Release|Any CPU
		{D95176B2-7187-46DF-8D76-CE349FA4D841}.Debug|Any CPU.ActiveCfg = Debug|Any CPU
		{D95176B2-7187-46DF-8D76-CE349FA4D841}.Debug|Any CPU.Build.0 = Debug|Any CPU
		{D95176B2-7187-46DF-8D76-CE349FA4D841}.Release|Any CPU.ActiveCfg = Release|Any CPU
		{D95176B2-7187-46DF-8D76-CE349FA4D841}.Release|Any CPU.Build.0 = Release|Any CPU
		{BE0EA79D-0A45-4542-BE8D-0AF865C2E397}.Debug|Any CPU.ActiveCfg = Debug|Any CPU
		{BE0EA79D-0A45-4542-BE8D-0AF865C2E397}.Debug|Any CPU.Build.0 = Debug|Any CPU
		{BE0EA79D-0A45-4542-BE8D-0AF865C2E397}.Release|Any CPU.ActiveCfg = Release|Any CPU
		{BE0EA79D-0A45-4542-BE8D-0AF865C2E397}.Release|Any CPU.Build.0 = Release|Any CPU
		{F0F7CAF2-8DF6-47E2-BFD9-66F1B245CC7D}.Debug|Any CPU.ActiveCfg = Debug|Any CPU
		{F0F7CAF2-8DF6-47E2-BFD9-66F1B245CC7D}.Debug|Any CPU.Build.0 = Debug|Any CPU
		{F0F7CAF2-8DF6-47E2-BFD9-66F1B245CC7D}.Release|Any CPU.ActiveCfg = Release|Any CPU
		{F0F7CAF2-8DF6-47E2-BFD9-66F1B245CC7D}.Release|Any CPU.Build.0 = Release|Any CPU
		{D42A66F1-C1C3-45A9-9431-BEC0884221BC}.Debug|Any CPU.ActiveCfg = Debug|Any CPU
		{D42A66F1-C1C3-45A9-9431-BEC0884221BC}.Debug|Any CPU.Build.0 = Debug|Any CPU
		{D42A66F1-C1C3-45A9-9431-BEC0884221BC}.Release|Any CPU.ActiveCfg = Release|Any CPU
		{D42A66F1-C1C3-45A9-9431-BEC0884221BC}.Release|Any CPU.Build.0 = Release|Any CPU
		{C9635754-3B12-4222-8BC7-2EC9DCCAB43E}.Debug|Any CPU.ActiveCfg = Debug|Any CPU
		{C9635754-3B12-4222-8BC7-2EC9DCCAB43E}.Debug|Any CPU.Build.0 = Debug|Any CPU
		{C9635754-3B12-4222-8BC7-2EC9DCCAB43E}.Release|Any CPU.ActiveCfg = Release|Any CPU
		{C9635754-3B12-4222-8BC7-2EC9DCCAB43E}.Release|Any CPU.Build.0 = Release|Any CPU
		{3396D6FB-B68F-4162-8FAD-391CB3C3663A}.Debug|Any CPU.ActiveCfg = Debug|Any CPU
		{3396D6FB-B68F-4162-8FAD-391CB3C3663A}.Debug|Any CPU.Build.0 = Debug|Any CPU
		{3396D6FB-B68F-4162-8FAD-391CB3C3663A}.Release|Any CPU.ActiveCfg = Release|Any CPU
		{3396D6FB-B68F-4162-8FAD-391CB3C3663A}.Release|Any CPU.Build.0 = Release|Any CPU
		{A1C50172-6CEF-4135-A8E6-E6A9110BA26C}.Debug|Any CPU.ActiveCfg = Debug|Any CPU
		{A1C50172-6CEF-4135-A8E6-E6A9110BA26C}.Debug|Any CPU.Build.0 = Debug|Any CPU
		{A1C50172-6CEF-4135-A8E6-E6A9110BA26C}.Release|Any CPU.ActiveCfg = Release|Any CPU
		{A1C50172-6CEF-4135-A8E6-E6A9110BA26C}.Release|Any CPU.Build.0 = Release|Any CPU
		{B765F158-6593-446D-8EAD-91ED3EFC2141}.Debug|Any CPU.ActiveCfg = Debug|Any CPU
		{B765F158-6593-446D-8EAD-91ED3EFC2141}.Debug|Any CPU.Build.0 = Debug|Any CPU
		{B765F158-6593-446D-8EAD-91ED3EFC2141}.Release|Any CPU.ActiveCfg = Release|Any CPU
		{B765F158-6593-446D-8EAD-91ED3EFC2141}.Release|Any CPU.Build.0 = Release|Any CPU
		{A0609993-E118-4527-888D-B3FCC5D44DDC}.Debug|Any CPU.ActiveCfg = Debug|Any CPU
		{A0609993-E118-4527-888D-B3FCC5D44DDC}.Debug|Any CPU.Build.0 = Debug|Any CPU
		{A0609993-E118-4527-888D-B3FCC5D44DDC}.Release|Any CPU.ActiveCfg = Release|Any CPU
		{A0609993-E118-4527-888D-B3FCC5D44DDC}.Release|Any CPU.Build.0 = Release|Any CPU
		{0A2B6FBA-96A9-4FFB-8AE1-097CC77DD954}.Debug|Any CPU.ActiveCfg = Debug|Any CPU
		{0A2B6FBA-96A9-4FFB-8AE1-097CC77DD954}.Debug|Any CPU.Build.0 = Debug|Any CPU
		{0A2B6FBA-96A9-4FFB-8AE1-097CC77DD954}.Release|Any CPU.ActiveCfg = Release|Any CPU
		{0A2B6FBA-96A9-4FFB-8AE1-097CC77DD954}.Release|Any CPU.Build.0 = Release|Any CPU
		{7D31886C-E086-4FD5-84E3-32F750840338}.Debug|Any CPU.ActiveCfg = Debug|Any CPU
		{7D31886C-E086-4FD5-84E3-32F750840338}.Debug|Any CPU.Build.0 = Debug|Any CPU
		{7D31886C-E086-4FD5-84E3-32F750840338}.Release|Any CPU.ActiveCfg = Release|Any CPU
		{7D31886C-E086-4FD5-84E3-32F750840338}.Release|Any CPU.Build.0 = Release|Any CPU
		{87BD789F-4603-4D20-A0DB-2C0165CE0441}.Debug|Any CPU.ActiveCfg = Debug|Any CPU
		{87BD789F-4603-4D20-A0DB-2C0165CE0441}.Debug|Any CPU.Build.0 = Debug|Any CPU
		{87BD789F-4603-4D20-A0DB-2C0165CE0441}.Release|Any CPU.ActiveCfg = Release|Any CPU
		{87BD789F-4603-4D20-A0DB-2C0165CE0441}.Release|Any CPU.Build.0 = Release|Any CPU
		{E5630BA0-536D-41AF-B833-ADAED783E301}.Debug|Any CPU.ActiveCfg = Debug|Any CPU
		{E5630BA0-536D-41AF-B833-ADAED783E301}.Debug|Any CPU.Build.0 = Debug|Any CPU
		{E5630BA0-536D-41AF-B833-ADAED783E301}.Release|Any CPU.ActiveCfg = Release|Any CPU
		{E5630BA0-536D-41AF-B833-ADAED783E301}.Release|Any CPU.Build.0 = Release|Any CPU
		{5C6C7793-2C0C-4756-B57C-D6CF83DB501E}.Debug|Any CPU.ActiveCfg = Debug|Any CPU
		{5C6C7793-2C0C-4756-B57C-D6CF83DB501E}.Debug|Any CPU.Build.0 = Debug|Any CPU
		{5C6C7793-2C0C-4756-B57C-D6CF83DB501E}.Release|Any CPU.ActiveCfg = Release|Any CPU
		{5C6C7793-2C0C-4756-B57C-D6CF83DB501E}.Release|Any CPU.Build.0 = Release|Any CPU
		{2C31C85A-8F43-4215-A99E-95B257653376}.Debug|Any CPU.ActiveCfg = Debug|Any CPU
		{2C31C85A-8F43-4215-A99E-95B257653376}.Debug|Any CPU.Build.0 = Debug|Any CPU
		{2C31C85A-8F43-4215-A99E-95B257653376}.Release|Any CPU.ActiveCfg = Release|Any CPU
		{2C31C85A-8F43-4215-A99E-95B257653376}.Release|Any CPU.Build.0 = Release|Any CPU
		{1452ACB4-120B-47EE-91C4-A742D98D8691}.Debug|Any CPU.ActiveCfg = Debug|Any CPU
		{1452ACB4-120B-47EE-91C4-A742D98D8691}.Debug|Any CPU.Build.0 = Debug|Any CPU
		{1452ACB4-120B-47EE-91C4-A742D98D8691}.Release|Any CPU.ActiveCfg = Release|Any CPU
		{1452ACB4-120B-47EE-91C4-A742D98D8691}.Release|Any CPU.Build.0 = Release|Any CPU
		{4E66398F-3C70-4BF9-8D53-4A4C4E361C7F}.Debug|Any CPU.ActiveCfg = Debug|Any CPU
		{4E66398F-3C70-4BF9-8D53-4A4C4E361C7F}.Debug|Any CPU.Build.0 = Debug|Any CPU
		{4E66398F-3C70-4BF9-8D53-4A4C4E361C7F}.Release|Any CPU.ActiveCfg = Release|Any CPU
		{4E66398F-3C70-4BF9-8D53-4A4C4E361C7F}.Release|Any CPU.Build.0 = Release|Any CPU
		{7FC0ED98-0466-4B3D-9905-4804511359BF}.Debug|Any CPU.ActiveCfg = Debug|Any CPU
		{7FC0ED98-0466-4B3D-9905-4804511359BF}.Debug|Any CPU.Build.0 = Debug|Any CPU
		{7FC0ED98-0466-4B3D-9905-4804511359BF}.Release|Any CPU.ActiveCfg = Release|Any CPU
		{7FC0ED98-0466-4B3D-9905-4804511359BF}.Release|Any CPU.Build.0 = Release|Any CPU
		{F091FE89-E0EB-4F4D-A121-8724785B7266}.Debug|Any CPU.ActiveCfg = Debug|Any CPU
		{F091FE89-E0EB-4F4D-A121-8724785B7266}.Debug|Any CPU.Build.0 = Debug|Any CPU
		{F091FE89-E0EB-4F4D-A121-8724785B7266}.Release|Any CPU.ActiveCfg = Release|Any CPU
		{F091FE89-E0EB-4F4D-A121-8724785B7266}.Release|Any CPU.Build.0 = Release|Any CPU
		{D8F98C64-2B28-48BA-AF4C-E429646AB3CF}.Debug|Any CPU.ActiveCfg = Debug|Any CPU
		{D8F98C64-2B28-48BA-AF4C-E429646AB3CF}.Debug|Any CPU.Build.0 = Debug|Any CPU
		{D8F98C64-2B28-48BA-AF4C-E429646AB3CF}.Release|Any CPU.ActiveCfg = Release|Any CPU
		{D8F98C64-2B28-48BA-AF4C-E429646AB3CF}.Release|Any CPU.Build.0 = Release|Any CPU
		{1A60A2EE-1DD2-4110-B2A2-86B12F1DDC38}.Debug|Any CPU.ActiveCfg = Debug|Any CPU
		{1A60A2EE-1DD2-4110-B2A2-86B12F1DDC38}.Debug|Any CPU.Build.0 = Debug|Any CPU
		{1A60A2EE-1DD2-4110-B2A2-86B12F1DDC38}.Release|Any CPU.ActiveCfg = Release|Any CPU
		{1A60A2EE-1DD2-4110-B2A2-86B12F1DDC38}.Release|Any CPU.Build.0 = Release|Any CPU
		{3C9B9731-CA9C-4781-BC78-FEB1C3AE3E9A}.Debug|Any CPU.ActiveCfg = Debug|Any CPU
		{3C9B9731-CA9C-4781-BC78-FEB1C3AE3E9A}.Debug|Any CPU.Build.0 = Debug|Any CPU
		{3C9B9731-CA9C-4781-BC78-FEB1C3AE3E9A}.Release|Any CPU.ActiveCfg = Release|Any CPU
		{3C9B9731-CA9C-4781-BC78-FEB1C3AE3E9A}.Release|Any CPU.Build.0 = Release|Any CPU
		{71FB7CD3-5C86-4A8C-95E0-4CB5D2666550}.Debug|Any CPU.ActiveCfg = Debug|Any CPU
		{71FB7CD3-5C86-4A8C-95E0-4CB5D2666550}.Debug|Any CPU.Build.0 = Debug|Any CPU
		{71FB7CD3-5C86-4A8C-95E0-4CB5D2666550}.Release|Any CPU.ActiveCfg = Release|Any CPU
		{71FB7CD3-5C86-4A8C-95E0-4CB5D2666550}.Release|Any CPU.Build.0 = Release|Any CPU
		{93679EC0-CF99-4339-8962-71C4F65412BD}.Debug|Any CPU.ActiveCfg = Debug|Any CPU
		{93679EC0-CF99-4339-8962-71C4F65412BD}.Debug|Any CPU.Build.0 = Debug|Any CPU
		{93679EC0-CF99-4339-8962-71C4F65412BD}.Release|Any CPU.ActiveCfg = Release|Any CPU
		{93679EC0-CF99-4339-8962-71C4F65412BD}.Release|Any CPU.Build.0 = Release|Any CPU
		{4D8329BE-AD51-4F55-8834-457074BC5381}.Debug|Any CPU.ActiveCfg = Debug|Any CPU
		{4D8329BE-AD51-4F55-8834-457074BC5381}.Debug|Any CPU.Build.0 = Debug|Any CPU
		{4D8329BE-AD51-4F55-8834-457074BC5381}.Release|Any CPU.ActiveCfg = Release|Any CPU
		{4D8329BE-AD51-4F55-8834-457074BC5381}.Release|Any CPU.Build.0 = Release|Any CPU
		{43D01EE3-D8FD-4950-A1A8-1CA9395E6200}.Debug|Any CPU.ActiveCfg = Debug|Any CPU
		{43D01EE3-D8FD-4950-A1A8-1CA9395E6200}.Debug|Any CPU.Build.0 = Debug|Any CPU
		{43D01EE3-D8FD-4950-A1A8-1CA9395E6200}.Release|Any CPU.ActiveCfg = Release|Any CPU
		{43D01EE3-D8FD-4950-A1A8-1CA9395E6200}.Release|Any CPU.Build.0 = Release|Any CPU
		{F834A861-DE95-4B40-BC68-90F0ED67AD2D}.Debug|Any CPU.ActiveCfg = Debug|Any CPU
		{F834A861-DE95-4B40-BC68-90F0ED67AD2D}.Debug|Any CPU.Build.0 = Debug|Any CPU
		{F834A861-DE95-4B40-BC68-90F0ED67AD2D}.Release|Any CPU.ActiveCfg = Release|Any CPU
		{F834A861-DE95-4B40-BC68-90F0ED67AD2D}.Release|Any CPU.Build.0 = Release|Any CPU
		{13C1E014-DCAD-4A54-81AF-31F93C70D45C}.Debug|Any CPU.ActiveCfg = Debug|Any CPU
		{13C1E014-DCAD-4A54-81AF-31F93C70D45C}.Debug|Any CPU.Build.0 = Debug|Any CPU
		{13C1E014-DCAD-4A54-81AF-31F93C70D45C}.Release|Any CPU.ActiveCfg = Release|Any CPU
		{13C1E014-DCAD-4A54-81AF-31F93C70D45C}.Release|Any CPU.Build.0 = Release|Any CPU
	EndGlobalSection
	GlobalSection(NestedProjects) = preSolution
		{4D8329BE-AD51-4F55-8834-457074BC5381} = {3B744BC2-3340-4337-A437-D3E7D388104B}
		{43D01EE3-D8FD-4950-A1A8-1CA9395E6200} = {3B744BC2-3340-4337-A437-D3E7D388104B}
		{F834A861-DE95-4B40-BC68-90F0ED67AD2D} = {3B744BC2-3340-4337-A437-D3E7D388104B}
		{13C1E014-DCAD-4A54-81AF-31F93C70D45C} = {3B744BC2-3340-4337-A437-D3E7D388104B}
	EndGlobalSection
EndGlobal
